// !$*UTF8*$!
{
	archiveVersion = 1;
	classes = {
	};
	objectVersion = 56;
	objects = {

/* Begin PBXBuildFile section */
		2130A8292B85F67E00B76902 /* emergency_contactsApp.swift in Sources */ = {isa = PBXBuildFile; fileRef = 2130A8282B85F67E00B76902 /* emergency_contactsApp.swift */; };
		2130A82B2B85F67E00B76902 /* ContentView.swift in Sources */ = {isa = PBXBuildFile; fileRef = 2130A82A2B85F67E00B76902 /* ContentView.swift */; };
		2130A82D2B85F68000B76902 /* Assets.xcassets in Resources */ = {isa = PBXBuildFile; fileRef = 2130A82C2B85F68000B76902 /* Assets.xcassets */; };
		2130A8312B85F68000B76902 /* Preview Assets.xcassets in Resources */ = {isa = PBXBuildFile; fileRef = 2130A8302B85F68000B76902 /* Preview Assets.xcassets */; };
		2130A83A2B865E9A00B76902 /* ListItemView.swift in Sources */ = {isa = PBXBuildFile; fileRef = 2130A8392B865E9A00B76902 /* ListItemView.swift */; };
		21A251362B8668F40024862D /* Localizable.xcstrings in Resources */ = {isa = PBXBuildFile; fileRef = 21A251352B8668F40024862D /* Localizable.xcstrings */; };
		21A251382B867BE90024862D /* Utilities.swift in Sources */ = {isa = PBXBuildFile; fileRef = 21A251372B867BE90024862D /* Utilities.swift */; };
		21A2513A2B867E0E0024862D /* MapView.swift in Sources */ = {isa = PBXBuildFile; fileRef = 21A251392B867E0E0024862D /* MapView.swift */; };
		21A2513C2B8686E30024862D /* ItemsListView.swift in Sources */ = {isa = PBXBuildFile; fileRef = 21A2513B2B8686E30024862D /* ItemsListView.swift */; };
		21A2513E2B8687550024862D /* DataManager.swift in Sources */ = {isa = PBXBuildFile; fileRef = 21A2513D2B8687550024862D /* DataManager.swift */; };
		21F993872B86A2780020C46C /* ItemModel.swift in Sources */ = {isa = PBXBuildFile; fileRef = 21F993862B86A2780020C46C /* ItemModel.swift */; };
		21F993892B874DA70020C46C /* DataErrorHandlerView.swift in Sources */ = {isa = PBXBuildFile; fileRef = 21F993882B874DA70020C46C /* DataErrorHandlerView.swift */; };
		21F993912B87586E0020C46C /* EmergencyContacts_WatchApp.swift in Sources */ = {isa = PBXBuildFile; fileRef = 21F993902B87586E0020C46C /* EmergencyContacts_WatchApp.swift */; };
		21F993932B87586E0020C46C /* ContentView.swift in Sources */ = {isa = PBXBuildFile; fileRef = 21F993922B87586E0020C46C /* ContentView.swift */; };
		21F993952B87586F0020C46C /* Assets.xcassets in Resources */ = {isa = PBXBuildFile; fileRef = 21F993942B87586F0020C46C /* Assets.xcassets */; };
		21F993982B87586F0020C46C /* Preview Assets.xcassets in Resources */ = {isa = PBXBuildFile; fileRef = 21F993972B87586F0020C46C /* Preview Assets.xcassets */; };
		21F9939B2B87586F0020C46C /* EmergencyContacts_Watch Watch App.app in Embed Watch Content */ = {isa = PBXBuildFile; fileRef = 21F9938E2B87586E0020C46C /* EmergencyContacts_Watch Watch App.app */; settings = {ATTRIBUTES = (RemoveHeadersOnCopy, ); }; };
		21F993A22B8759FE0020C46C /* WatchConnectivity.framework in Frameworks */ = {isa = PBXBuildFile; fileRef = 21F993A12B8759FE0020C46C /* WatchConnectivity.framework */; platformFilter = ios; };
		21F993A32B875B970020C46C /* DataManager.swift in Sources */ = {isa = PBXBuildFile; fileRef = 21A2513D2B8687550024862D /* DataManager.swift */; };
		21F993A42B875BA80020C46C /* ItemModel.swift in Sources */ = {isa = PBXBuildFile; fileRef = 21F993862B86A2780020C46C /* ItemModel.swift */; };
		21F993A52B875BFD0020C46C /* Utilities.swift in Sources */ = {isa = PBXBuildFile; fileRef = 21A251372B867BE90024862D /* Utilities.swift */; };
		21F993A72B875C210020C46C /* ListItemView.swift in Sources */ = {isa = PBXBuildFile; fileRef = 21F993A62B875C210020C46C /* ListItemView.swift */; };
		21F993A82B875C930020C46C /* DataErrorHandlerView.swift in Sources */ = {isa = PBXBuildFile; fileRef = 21F993882B874DA70020C46C /* DataErrorHandlerView.swift */; };
		21F993A92B875CE50020C46C /* Localizable.xcstrings in Resources */ = {isa = PBXBuildFile; fileRef = 21A251352B8668F40024862D /* Localizable.xcstrings */; };
/* End PBXBuildFile section */

/* Begin PBXContainerItemProxy section */
		21F993992B87586F0020C46C /* PBXContainerItemProxy */ = {
			isa = PBXContainerItemProxy;
			containerPortal = 2130A81D2B85F67E00B76902 /* Project object */;
			proxyType = 1;
			remoteGlobalIDString = 21F9938D2B87586E0020C46C;
			remoteInfo = "EmergencyContacts_Watch Watch App";
		};
/* End PBXContainerItemProxy section */

/* Begin PBXCopyFilesBuildPhase section */
		21F9939F2B87586F0020C46C /* Embed Watch Content */ = {
			isa = PBXCopyFilesBuildPhase;
			buildActionMask = 2147483647;
			dstPath = "$(CONTENTS_FOLDER_PATH)/Watch";
			dstSubfolderSpec = 16;
			files = (
				21F9939B2B87586F0020C46C /* EmergencyContacts_Watch Watch App.app in Embed Watch Content */,
			);
			name = "Embed Watch Content";
			runOnlyForDeploymentPostprocessing = 0;
		};
/* End PBXCopyFilesBuildPhase section */

/* Begin PBXFileReference section */
		2130A8252B85F67E00B76902 /* emergency-contacts.app */ = {isa = PBXFileReference; explicitFileType = wrapper.application; includeInIndex = 0; path = "emergency-contacts.app"; sourceTree = BUILT_PRODUCTS_DIR; };
		2130A8282B85F67E00B76902 /* emergency_contactsApp.swift */ = {isa = PBXFileReference; lastKnownFileType = sourcecode.swift; path = emergency_contactsApp.swift; sourceTree = "<group>"; };
		2130A82A2B85F67E00B76902 /* ContentView.swift */ = {isa = PBXFileReference; lastKnownFileType = sourcecode.swift; path = ContentView.swift; sourceTree = "<group>"; };
		2130A82C2B85F68000B76902 /* Assets.xcassets */ = {isa = PBXFileReference; lastKnownFileType = folder.assetcatalog; path = Assets.xcassets; sourceTree = "<group>"; };
		2130A82E2B85F68000B76902 /* emergency_contacts.entitlements */ = {isa = PBXFileReference; lastKnownFileType = text.plist.entitlements; path = emergency_contacts.entitlements; sourceTree = "<group>"; };
		2130A8302B85F68000B76902 /* Preview Assets.xcassets */ = {isa = PBXFileReference; lastKnownFileType = folder.assetcatalog; path = "Preview Assets.xcassets"; sourceTree = "<group>"; };
		2130A8392B865E9A00B76902 /* ListItemView.swift */ = {isa = PBXFileReference; lastKnownFileType = sourcecode.swift; path = ListItemView.swift; sourceTree = "<group>"; };
		21A251352B8668F40024862D /* Localizable.xcstrings */ = {isa = PBXFileReference; lastKnownFileType = text.json.xcstrings; path = Localizable.xcstrings; sourceTree = "<group>"; };
		21A251372B867BE90024862D /* Utilities.swift */ = {isa = PBXFileReference; lastKnownFileType = sourcecode.swift; path = Utilities.swift; sourceTree = "<group>"; };
		21A251392B867E0E0024862D /* MapView.swift */ = {isa = PBXFileReference; lastKnownFileType = sourcecode.swift; path = MapView.swift; sourceTree = "<group>"; };
		21A2513B2B8686E30024862D /* ItemsListView.swift */ = {isa = PBXFileReference; lastKnownFileType = sourcecode.swift; path = ItemsListView.swift; sourceTree = "<group>"; };
		21A2513D2B8687550024862D /* DataManager.swift */ = {isa = PBXFileReference; lastKnownFileType = sourcecode.swift; path = DataManager.swift; sourceTree = "<group>"; };
		21F993862B86A2780020C46C /* ItemModel.swift */ = {isa = PBXFileReference; lastKnownFileType = sourcecode.swift; path = ItemModel.swift; sourceTree = "<group>"; };
		21F993882B874DA70020C46C /* DataErrorHandlerView.swift */ = {isa = PBXFileReference; lastKnownFileType = sourcecode.swift; path = DataErrorHandlerView.swift; sourceTree = "<group>"; };
		21F9938E2B87586E0020C46C /* EmergencyContacts_Watch Watch App.app */ = {isa = PBXFileReference; explicitFileType = wrapper.application; includeInIndex = 0; path = "EmergencyContacts_Watch Watch App.app"; sourceTree = BUILT_PRODUCTS_DIR; };
		21F993902B87586E0020C46C /* EmergencyContacts_WatchApp.swift */ = {isa = PBXFileReference; lastKnownFileType = sourcecode.swift; path = EmergencyContacts_WatchApp.swift; sourceTree = "<group>"; };
		21F993922B87586E0020C46C /* ContentView.swift */ = {isa = PBXFileReference; lastKnownFileType = sourcecode.swift; path = ContentView.swift; sourceTree = "<group>"; };
		21F993942B87586F0020C46C /* Assets.xcassets */ = {isa = PBXFileReference; lastKnownFileType = folder.assetcatalog; path = Assets.xcassets; sourceTree = "<group>"; };
		21F993972B87586F0020C46C /* Preview Assets.xcassets */ = {isa = PBXFileReference; lastKnownFileType = folder.assetcatalog; path = "Preview Assets.xcassets"; sourceTree = "<group>"; };
		21F993A12B8759FE0020C46C /* WatchConnectivity.framework */ = {isa = PBXFileReference; lastKnownFileType = wrapper.framework; name = WatchConnectivity.framework; path = Platforms/iPhoneOS.platform/Developer/SDKs/iPhoneOS17.2.sdk/System/Library/Frameworks/WatchConnectivity.framework; sourceTree = DEVELOPER_DIR; };
		21F993A62B875C210020C46C /* ListItemView.swift */ = {isa = PBXFileReference; lastKnownFileType = sourcecode.swift; path = ListItemView.swift; sourceTree = "<group>"; };
/* End PBXFileReference section */

/* Begin PBXFrameworksBuildPhase section */
		2130A8222B85F67E00B76902 /* Frameworks */ = {
			isa = PBXFrameworksBuildPhase;
			buildActionMask = 2147483647;
			files = (
				21F993A22B8759FE0020C46C /* WatchConnectivity.framework in Frameworks */,
			);
			runOnlyForDeploymentPostprocessing = 0;
		};
		21F9938B2B87586E0020C46C /* Frameworks */ = {
			isa = PBXFrameworksBuildPhase;
			buildActionMask = 2147483647;
			files = (
			);
			runOnlyForDeploymentPostprocessing = 0;
		};
/* End PBXFrameworksBuildPhase section */

/* Begin PBXGroup section */
		2130A81C2B85F67E00B76902 = {
			isa = PBXGroup;
			children = (
				2130A8272B85F67E00B76902 /* emergency-contacts */,
				21F9938F2B87586E0020C46C /* EmergencyContacts_Watch Watch App */,
				2130A8262B85F67E00B76902 /* Products */,
				21F993A02B8759FE0020C46C /* Frameworks */,
			);
			sourceTree = "<group>";
		};
		2130A8262B85F67E00B76902 /* Products */ = {
			isa = PBXGroup;
			children = (
				2130A8252B85F67E00B76902 /* emergency-contacts.app */,
				21F9938E2B87586E0020C46C /* EmergencyContacts_Watch Watch App.app */,
			);
			name = Products;
			sourceTree = "<group>";
		};
		2130A8272B85F67E00B76902 /* emergency-contacts */ = {
			isa = PBXGroup;
			children = (
				21A251352B8668F40024862D /* Localizable.xcstrings */,
				2130A8282B85F67E00B76902 /* emergency_contactsApp.swift */,
				2130A82A2B85F67E00B76902 /* ContentView.swift */,
				2130A82C2B85F68000B76902 /* Assets.xcassets */,
				2130A82E2B85F68000B76902 /* emergency_contacts.entitlements */,
				2130A82F2B85F68000B76902 /* Preview Content */,
				2130A8392B865E9A00B76902 /* ListItemView.swift */,
				21A251372B867BE90024862D /* Utilities.swift */,
				21A251392B867E0E0024862D /* MapView.swift */,
				21A2513B2B8686E30024862D /* ItemsListView.swift */,
				21A2513D2B8687550024862D /* DataManager.swift */,
				21F993862B86A2780020C46C /* ItemModel.swift */,
				21F993882B874DA70020C46C /* DataErrorHandlerView.swift */,
			);
			path = "emergency-contacts";
			sourceTree = "<group>";
		};
		2130A82F2B85F68000B76902 /* Preview Content */ = {
			isa = PBXGroup;
			children = (
				2130A8302B85F68000B76902 /* Preview Assets.xcassets */,
			);
			path = "Preview Content";
			sourceTree = "<group>";
		};
		21F9938F2B87586E0020C46C /* EmergencyContacts_Watch Watch App */ = {
			isa = PBXGroup;
			children = (
				21F993902B87586E0020C46C /* EmergencyContacts_WatchApp.swift */,
				21F993922B87586E0020C46C /* ContentView.swift */,
				21F993942B87586F0020C46C /* Assets.xcassets */,
				21F993962B87586F0020C46C /* Preview Content */,
				21F993A62B875C210020C46C /* ListItemView.swift */,
			);
			path = "EmergencyContacts_Watch Watch App";
			sourceTree = "<group>";
		};
		21F993962B87586F0020C46C /* Preview Content */ = {
			isa = PBXGroup;
			children = (
				21F993972B87586F0020C46C /* Preview Assets.xcassets */,
			);
			path = "Preview Content";
			sourceTree = "<group>";
		};
		21F993A02B8759FE0020C46C /* Frameworks */ = {
			isa = PBXGroup;
			children = (
				21F993A12B8759FE0020C46C /* WatchConnectivity.framework */,
			);
			name = Frameworks;
			sourceTree = "<group>";
		};
/* End PBXGroup section */

/* Begin PBXNativeTarget section */
		2130A8242B85F67E00B76902 /* emergency-contacts */ = {
			isa = PBXNativeTarget;
			buildConfigurationList = 2130A8342B85F68000B76902 /* Build configuration list for PBXNativeTarget "emergency-contacts" */;
			buildPhases = (
				2130A8212B85F67E00B76902 /* Sources */,
				2130A8222B85F67E00B76902 /* Frameworks */,
				2130A8232B85F67E00B76902 /* Resources */,
				21F9939F2B87586F0020C46C /* Embed Watch Content */,
			);
			buildRules = (
			);
			dependencies = (
				21F9939A2B87586F0020C46C /* PBXTargetDependency */,
			);
			name = "emergency-contacts";
			productName = "emergency-contacts";
			productReference = 2130A8252B85F67E00B76902 /* emergency-contacts.app */;
			productType = "com.apple.product-type.application";
		};
		21F9938D2B87586E0020C46C /* EmergencyContacts_Watch Watch App */ = {
			isa = PBXNativeTarget;
			buildConfigurationList = 21F9939C2B87586F0020C46C /* Build configuration list for PBXNativeTarget "EmergencyContacts_Watch Watch App" */;
			buildPhases = (
				21F9938A2B87586E0020C46C /* Sources */,
				21F9938B2B87586E0020C46C /* Frameworks */,
				21F9938C2B87586E0020C46C /* Resources */,
			);
			buildRules = (
			);
			dependencies = (
			);
			name = "EmergencyContacts_Watch Watch App";
			productName = "EmergencyContacts_Watch Watch App";
			productReference = 21F9938E2B87586E0020C46C /* EmergencyContacts_Watch Watch App.app */;
			productType = "com.apple.product-type.application";
		};
/* End PBXNativeTarget section */

/* Begin PBXProject section */
		2130A81D2B85F67E00B76902 /* Project object */ = {
			isa = PBXProject;
			attributes = {
				BuildIndependentTargetsInParallel = 1;
				LastSwiftUpdateCheck = 1520;
				LastUpgradeCheck = 1520;
				TargetAttributes = {
					2130A8242B85F67E00B76902 = {
						CreatedOnToolsVersion = 15.2;
					};
					21F9938D2B87586E0020C46C = {
						CreatedOnToolsVersion = 15.2;
					};
				};
			};
			buildConfigurationList = 2130A8202B85F67E00B76902 /* Build configuration list for PBXProject "emergency-contacts" */;
			compatibilityVersion = "Xcode 14.0";
			developmentRegion = en;
			hasScannedForEncodings = 0;
			knownRegions = (
				en,
				Base,
				cs,
			);
			mainGroup = 2130A81C2B85F67E00B76902;
			productRefGroup = 2130A8262B85F67E00B76902 /* Products */;
			projectDirPath = "";
			projectRoot = "";
			targets = (
				2130A8242B85F67E00B76902 /* emergency-contacts */,
				21F9938D2B87586E0020C46C /* EmergencyContacts_Watch Watch App */,
			);
		};
/* End PBXProject section */

/* Begin PBXResourcesBuildPhase section */
		2130A8232B85F67E00B76902 /* Resources */ = {
			isa = PBXResourcesBuildPhase;
			buildActionMask = 2147483647;
			files = (
				2130A8312B85F68000B76902 /* Preview Assets.xcassets in Resources */,
				2130A82D2B85F68000B76902 /* Assets.xcassets in Resources */,
				21A251362B8668F40024862D /* Localizable.xcstrings in Resources */,
			);
			runOnlyForDeploymentPostprocessing = 0;
		};
		21F9938C2B87586E0020C46C /* Resources */ = {
			isa = PBXResourcesBuildPhase;
			buildActionMask = 2147483647;
			files = (
				21F993982B87586F0020C46C /* Preview Assets.xcassets in Resources */,
				21F993952B87586F0020C46C /* Assets.xcassets in Resources */,
				21F993A92B875CE50020C46C /* Localizable.xcstrings in Resources */,
			);
			runOnlyForDeploymentPostprocessing = 0;
		};
/* End PBXResourcesBuildPhase section */

/* Begin PBXSourcesBuildPhase section */
		2130A8212B85F67E00B76902 /* Sources */ = {
			isa = PBXSourcesBuildPhase;
			buildActionMask = 2147483647;
			files = (
				21A2513A2B867E0E0024862D /* MapView.swift in Sources */,
				21A2513C2B8686E30024862D /* ItemsListView.swift in Sources */,
				21F993872B86A2780020C46C /* ItemModel.swift in Sources */,
				21F993892B874DA70020C46C /* DataErrorHandlerView.swift in Sources */,
				2130A83A2B865E9A00B76902 /* ListItemView.swift in Sources */,
				21A2513E2B8687550024862D /* DataManager.swift in Sources */,
				2130A82B2B85F67E00B76902 /* ContentView.swift in Sources */,
				21A251382B867BE90024862D /* Utilities.swift in Sources */,
				2130A8292B85F67E00B76902 /* emergency_contactsApp.swift in Sources */,
			);
			runOnlyForDeploymentPostprocessing = 0;
		};
		21F9938A2B87586E0020C46C /* Sources */ = {
			isa = PBXSourcesBuildPhase;
			buildActionMask = 2147483647;
			files = (
				21F993932B87586E0020C46C /* ContentView.swift in Sources */,
				21F993A32B875B970020C46C /* DataManager.swift in Sources */,
				21F993A42B875BA80020C46C /* ItemModel.swift in Sources */,
				21F993A82B875C930020C46C /* DataErrorHandlerView.swift in Sources */,
				21F993A72B875C210020C46C /* ListItemView.swift in Sources */,
				21F993A52B875BFD0020C46C /* Utilities.swift in Sources */,
				21F993912B87586E0020C46C /* EmergencyContacts_WatchApp.swift in Sources */,
			);
			runOnlyForDeploymentPostprocessing = 0;
		};
/* End PBXSourcesBuildPhase section */

/* Begin PBXTargetDependency section */
		21F9939A2B87586F0020C46C /* PBXTargetDependency */ = {
			isa = PBXTargetDependency;
			target = 21F9938D2B87586E0020C46C /* EmergencyContacts_Watch Watch App */;
			targetProxy = 21F993992B87586F0020C46C /* PBXContainerItemProxy */;
		};
/* End PBXTargetDependency section */

/* Begin XCBuildConfiguration section */
		2130A8322B85F68000B76902 /* Debug */ = {
			isa = XCBuildConfiguration;
			buildSettings = {
				ALWAYS_SEARCH_USER_PATHS = NO;
				ASSETCATALOG_COMPILER_GENERATE_SWIFT_ASSET_SYMBOL_EXTENSIONS = YES;
				CLANG_ANALYZER_NONNULL = YES;
				CLANG_ANALYZER_NUMBER_OBJECT_CONVERSION = YES_AGGRESSIVE;
				CLANG_CXX_LANGUAGE_STANDARD = "gnu++20";
				CLANG_ENABLE_MODULES = YES;
				CLANG_ENABLE_OBJC_ARC = YES;
				CLANG_ENABLE_OBJC_WEAK = YES;
				CLANG_WARN_BLOCK_CAPTURE_AUTORELEASING = YES;
				CLANG_WARN_BOOL_CONVERSION = YES;
				CLANG_WARN_COMMA = YES;
				CLANG_WARN_CONSTANT_CONVERSION = YES;
				CLANG_WARN_DEPRECATED_OBJC_IMPLEMENTATIONS = YES;
				CLANG_WARN_DIRECT_OBJC_ISA_USAGE = YES_ERROR;
				CLANG_WARN_DOCUMENTATION_COMMENTS = YES;
				CLANG_WARN_EMPTY_BODY = YES;
				CLANG_WARN_ENUM_CONVERSION = YES;
				CLANG_WARN_INFINITE_RECURSION = YES;
				CLANG_WARN_INT_CONVERSION = YES;
				CLANG_WARN_NON_LITERAL_NULL_CONVERSION = YES;
				CLANG_WARN_OBJC_IMPLICIT_RETAIN_SELF = YES;
				CLANG_WARN_OBJC_LITERAL_CONVERSION = YES;
				CLANG_WARN_OBJC_ROOT_CLASS = YES_ERROR;
				CLANG_WARN_QUOTED_INCLUDE_IN_FRAMEWORK_HEADER = YES;
				CLANG_WARN_RANGE_LOOP_ANALYSIS = YES;
				CLANG_WARN_STRICT_PROTOTYPES = YES;
				CLANG_WARN_SUSPICIOUS_MOVE = YES;
				CLANG_WARN_UNGUARDED_AVAILABILITY = YES_AGGRESSIVE;
				CLANG_WARN_UNREACHABLE_CODE = YES;
				CLANG_WARN__DUPLICATE_METHOD_MATCH = YES;
				COPY_PHASE_STRIP = NO;
				DEBUG_INFORMATION_FORMAT = dwarf;
				ENABLE_STRICT_OBJC_MSGSEND = YES;
				ENABLE_TESTABILITY = YES;
				ENABLE_USER_SCRIPT_SANDBOXING = YES;
				GCC_C_LANGUAGE_STANDARD = gnu17;
				GCC_DYNAMIC_NO_PIC = NO;
				GCC_NO_COMMON_BLOCKS = YES;
				GCC_OPTIMIZATION_LEVEL = 0;
				GCC_PREPROCESSOR_DEFINITIONS = (
					"DEBUG=1",
					"$(inherited)",
				);
				GCC_WARN_64_TO_32_BIT_CONVERSION = YES;
				GCC_WARN_ABOUT_RETURN_TYPE = YES_ERROR;
				GCC_WARN_UNDECLARED_SELECTOR = YES;
				GCC_WARN_UNINITIALIZED_AUTOS = YES_AGGRESSIVE;
				GCC_WARN_UNUSED_FUNCTION = YES;
				GCC_WARN_UNUSED_VARIABLE = YES;
				LOCALIZATION_PREFERS_STRING_CATALOGS = YES;
				MTL_ENABLE_DEBUG_INFO = INCLUDE_SOURCE;
				MTL_FAST_MATH = YES;
				ONLY_ACTIVE_ARCH = YES;
				SWIFT_ACTIVE_COMPILATION_CONDITIONS = "DEBUG $(inherited)";
				SWIFT_OPTIMIZATION_LEVEL = "-Onone";
			};
			name = Debug;
		};
		2130A8332B85F68000B76902 /* Release */ = {
			isa = XCBuildConfiguration;
			buildSettings = {
				ALWAYS_SEARCH_USER_PATHS = NO;
				ASSETCATALOG_COMPILER_GENERATE_SWIFT_ASSET_SYMBOL_EXTENSIONS = YES;
				CLANG_ANALYZER_NONNULL = YES;
				CLANG_ANALYZER_NUMBER_OBJECT_CONVERSION = YES_AGGRESSIVE;
				CLANG_CXX_LANGUAGE_STANDARD = "gnu++20";
				CLANG_ENABLE_MODULES = YES;
				CLANG_ENABLE_OBJC_ARC = YES;
				CLANG_ENABLE_OBJC_WEAK = YES;
				CLANG_WARN_BLOCK_CAPTURE_AUTORELEASING = YES;
				CLANG_WARN_BOOL_CONVERSION = YES;
				CLANG_WARN_COMMA = YES;
				CLANG_WARN_CONSTANT_CONVERSION = YES;
				CLANG_WARN_DEPRECATED_OBJC_IMPLEMENTATIONS = YES;
				CLANG_WARN_DIRECT_OBJC_ISA_USAGE = YES_ERROR;
				CLANG_WARN_DOCUMENTATION_COMMENTS = YES;
				CLANG_WARN_EMPTY_BODY = YES;
				CLANG_WARN_ENUM_CONVERSION = YES;
				CLANG_WARN_INFINITE_RECURSION = YES;
				CLANG_WARN_INT_CONVERSION = YES;
				CLANG_WARN_NON_LITERAL_NULL_CONVERSION = YES;
				CLANG_WARN_OBJC_IMPLICIT_RETAIN_SELF = YES;
				CLANG_WARN_OBJC_LITERAL_CONVERSION = YES;
				CLANG_WARN_OBJC_ROOT_CLASS = YES_ERROR;
				CLANG_WARN_QUOTED_INCLUDE_IN_FRAMEWORK_HEADER = YES;
				CLANG_WARN_RANGE_LOOP_ANALYSIS = YES;
				CLANG_WARN_STRICT_PROTOTYPES = YES;
				CLANG_WARN_SUSPICIOUS_MOVE = YES;
				CLANG_WARN_UNGUARDED_AVAILABILITY = YES_AGGRESSIVE;
				CLANG_WARN_UNREACHABLE_CODE = YES;
				CLANG_WARN__DUPLICATE_METHOD_MATCH = YES;
				COPY_PHASE_STRIP = NO;
				DEBUG_INFORMATION_FORMAT = "dwarf-with-dsym";
				ENABLE_NS_ASSERTIONS = NO;
				ENABLE_STRICT_OBJC_MSGSEND = YES;
				ENABLE_USER_SCRIPT_SANDBOXING = YES;
				GCC_C_LANGUAGE_STANDARD = gnu17;
				GCC_NO_COMMON_BLOCKS = YES;
				GCC_WARN_64_TO_32_BIT_CONVERSION = YES;
				GCC_WARN_ABOUT_RETURN_TYPE = YES_ERROR;
				GCC_WARN_UNDECLARED_SELECTOR = YES;
				GCC_WARN_UNINITIALIZED_AUTOS = YES_AGGRESSIVE;
				GCC_WARN_UNUSED_FUNCTION = YES;
				GCC_WARN_UNUSED_VARIABLE = YES;
				LOCALIZATION_PREFERS_STRING_CATALOGS = YES;
				MTL_ENABLE_DEBUG_INFO = NO;
				MTL_FAST_MATH = YES;
				SWIFT_COMPILATION_MODE = wholemodule;
			};
			name = Release;
		};
		2130A8352B85F68000B76902 /* Debug */ = {
			isa = XCBuildConfiguration;
			buildSettings = {
				ALWAYS_EMBED_SWIFT_STANDARD_LIBRARIES = YES;
				ASSETCATALOG_COMPILER_APPICON_NAME = AppIcon;
				ASSETCATALOG_COMPILER_GLOBAL_ACCENT_COLOR_NAME = AccentColor;
				CODE_SIGN_ENTITLEMENTS = "emergency-contacts/emergency_contacts.entitlements";
				CODE_SIGN_STYLE = Automatic;
				CURRENT_PROJECT_VERSION = 1;
				DEVELOPMENT_ASSET_PATHS = "emergency-contacts/Preview\\ Content";
				DEVELOPMENT_TEAM = 4XV9V3GJPT;
				ENABLE_HARDENED_RUNTIME = YES;
				ENABLE_PREVIEWS = YES;
				GENERATE_INFOPLIST_FILE = YES;
				INFOPLIST_KEY_CFBundleDisplayName = "Nouzové kontakty";
				INFOPLIST_KEY_LSApplicationCategoryType = "public.app-category.healthcare-fitness";
				"INFOPLIST_KEY_UIApplicationSceneManifest_Generation[sdk=iphoneos*]" = YES;
				"INFOPLIST_KEY_UIApplicationSceneManifest_Generation[sdk=iphonesimulator*]" = YES;
				"INFOPLIST_KEY_UIApplicationSupportsIndirectInputEvents[sdk=iphoneos*]" = YES;
				"INFOPLIST_KEY_UIApplicationSupportsIndirectInputEvents[sdk=iphonesimulator*]" = YES;
				"INFOPLIST_KEY_UILaunchScreen_Generation[sdk=iphoneos*]" = YES;
				"INFOPLIST_KEY_UILaunchScreen_Generation[sdk=iphonesimulator*]" = YES;
				"INFOPLIST_KEY_UIStatusBarStyle[sdk=iphoneos*]" = UIStatusBarStyleDefault;
				"INFOPLIST_KEY_UIStatusBarStyle[sdk=iphonesimulator*]" = UIStatusBarStyleDefault;
				INFOPLIST_KEY_UISupportedInterfaceOrientations_iPad = "UIInterfaceOrientationPortrait UIInterfaceOrientationPortraitUpsideDown UIInterfaceOrientationLandscapeLeft UIInterfaceOrientationLandscapeRight";
				INFOPLIST_KEY_UISupportedInterfaceOrientations_iPhone = "UIInterfaceOrientationPortrait UIInterfaceOrientationLandscapeLeft UIInterfaceOrientationLandscapeRight";
				IPHONEOS_DEPLOYMENT_TARGET = 17.2;
				LD_RUNPATH_SEARCH_PATHS = "@executable_path/Frameworks";
				"LD_RUNPATH_SEARCH_PATHS[sdk=macosx*]" = "@executable_path/../Frameworks";
				MACOSX_DEPLOYMENT_TARGET = 14.2;
				MARKETING_VERSION = 1.0;
				PRODUCT_BUNDLE_IDENTIFIER = "janchalupa.emergency-contacts";
				PRODUCT_NAME = "$(TARGET_NAME)";
				SDKROOT = auto;
				SUPPORTED_PLATFORMS = "iphoneos iphonesimulator macosx";
				SUPPORTS_MACCATALYST = NO;
				SUPPORTS_XR_DESIGNED_FOR_IPHONE_IPAD = YES;
				SWIFT_EMIT_LOC_STRINGS = YES;
				SWIFT_VERSION = 5.0;
				TARGETED_DEVICE_FAMILY = "1,2";
			};
			name = Debug;
		};
		2130A8362B85F68000B76902 /* Release */ = {
			isa = XCBuildConfiguration;
			buildSettings = {
				ALWAYS_EMBED_SWIFT_STANDARD_LIBRARIES = YES;
				ASSETCATALOG_COMPILER_APPICON_NAME = AppIcon;
				ASSETCATALOG_COMPILER_GLOBAL_ACCENT_COLOR_NAME = AccentColor;
				CODE_SIGN_ENTITLEMENTS = "emergency-contacts/emergency_contacts.entitlements";
				CODE_SIGN_STYLE = Automatic;
				CURRENT_PROJECT_VERSION = 1;
				DEVELOPMENT_ASSET_PATHS = "emergency-contacts/Preview\\ Content";
				DEVELOPMENT_TEAM = 4XV9V3GJPT;
				ENABLE_HARDENED_RUNTIME = YES;
				ENABLE_PREVIEWS = YES;
				GENERATE_INFOPLIST_FILE = YES;
				INFOPLIST_KEY_CFBundleDisplayName = "Nouzové kontakty";
				INFOPLIST_KEY_LSApplicationCategoryType = "public.app-category.healthcare-fitness";
				"INFOPLIST_KEY_UIApplicationSceneManifest_Generation[sdk=iphoneos*]" = YES;
				"INFOPLIST_KEY_UIApplicationSceneManifest_Generation[sdk=iphonesimulator*]" = YES;
				"INFOPLIST_KEY_UIApplicationSupportsIndirectInputEvents[sdk=iphoneos*]" = YES;
				"INFOPLIST_KEY_UIApplicationSupportsIndirectInputEvents[sdk=iphonesimulator*]" = YES;
				"INFOPLIST_KEY_UILaunchScreen_Generation[sdk=iphoneos*]" = YES;
				"INFOPLIST_KEY_UILaunchScreen_Generation[sdk=iphonesimulator*]" = YES;
				"INFOPLIST_KEY_UIStatusBarStyle[sdk=iphoneos*]" = UIStatusBarStyleDefault;
				"INFOPLIST_KEY_UIStatusBarStyle[sdk=iphonesimulator*]" = UIStatusBarStyleDefault;
				INFOPLIST_KEY_UISupportedInterfaceOrientations_iPad = "UIInterfaceOrientationPortrait UIInterfaceOrientationPortraitUpsideDown UIInterfaceOrientationLandscapeLeft UIInterfaceOrientationLandscapeRight";
				INFOPLIST_KEY_UISupportedInterfaceOrientations_iPhone = "UIInterfaceOrientationPortrait UIInterfaceOrientationLandscapeLeft UIInterfaceOrientationLandscapeRight";
				IPHONEOS_DEPLOYMENT_TARGET = 17.2;
				LD_RUNPATH_SEARCH_PATHS = "@executable_path/Frameworks";
				"LD_RUNPATH_SEARCH_PATHS[sdk=macosx*]" = "@executable_path/../Frameworks";
				MACOSX_DEPLOYMENT_TARGET = 14.2;
				MARKETING_VERSION = 1.0;
				PRODUCT_BUNDLE_IDENTIFIER = "janchalupa.emergency-contacts";
				PRODUCT_NAME = "$(TARGET_NAME)";
				SDKROOT = auto;
				SUPPORTED_PLATFORMS = "iphoneos iphonesimulator macosx";
				SUPPORTS_MACCATALYST = NO;
				SUPPORTS_XR_DESIGNED_FOR_IPHONE_IPAD = YES;
				SWIFT_EMIT_LOC_STRINGS = YES;
				SWIFT_VERSION = 5.0;
				TARGETED_DEVICE_FAMILY = "1,2";
			};
			name = Release;
		};
		21F9939D2B87586F0020C46C /* Debug */ = {
			isa = XCBuildConfiguration;
			buildSettings = {
				ASSETCATALOG_COMPILER_APPICON_NAME = AppIcon;
				ASSETCATALOG_COMPILER_GLOBAL_ACCENT_COLOR_NAME = AccentColor;
				CODE_SIGN_STYLE = Automatic;
				CURRENT_PROJECT_VERSION = 1;
				DEVELOPMENT_ASSET_PATHS = "\"EmergencyContacts_Watch Watch App/Preview Content\"";
				DEVELOPMENT_TEAM = 4XV9V3GJPT;
				ENABLE_PREVIEWS = YES;
				GENERATE_INFOPLIST_FILE = YES;
				INFOPLIST_KEY_CFBundleDisplayName = EmergencyContacts_Watch;
				INFOPLIST_KEY_UISupportedInterfaceOrientations = "UIInterfaceOrientationPortrait UIInterfaceOrientationPortraitUpsideDown";
				INFOPLIST_KEY_WKCompanionAppBundleIdentifier = "janchalupa.emergency-contacts";
				LD_RUNPATH_SEARCH_PATHS = (
					"$(inherited)",
					"@executable_path/Frameworks",
				);
				MARKETING_VERSION = 1.0;
				PRODUCT_BUNDLE_IDENTIFIER = "janchalupa.emergency-contacts.watchkitapp";
				PRODUCT_NAME = "$(TARGET_NAME)";
				SDKROOT = watchos;
				SKIP_INSTALL = YES;
				SWIFT_EMIT_LOC_STRINGS = YES;
				SWIFT_VERSION = 5.0;
				TARGETED_DEVICE_FAMILY = 4;
				WATCHOS_DEPLOYMENT_TARGET = 10.2;
			};
			name = Debug;
		};
		21F9939E2B87586F0020C46C /* Release */ = {
			isa = XCBuildConfiguration;
			buildSettings = {
				ASSETCATALOG_COMPILER_APPICON_NAME = AppIcon;
				ASSETCATALOG_COMPILER_GLOBAL_ACCENT_COLOR_NAME = AccentColor;
				CODE_SIGN_STYLE = Automatic;
				CURRENT_PROJECT_VERSION = 1;
				DEVELOPMENT_ASSET_PATHS = "\"EmergencyContacts_Watch Watch App/Preview Content\"";
				DEVELOPMENT_TEAM = 4XV9V3GJPT;
				ENABLE_PREVIEWS = YES;
				GENERATE_INFOPLIST_FILE = YES;
				INFOPLIST_KEY_CFBundleDisplayName = EmergencyContacts_Watch;
				INFOPLIST_KEY_UISupportedInterfaceOrientations = "UIInterfaceOrientationPortrait UIInterfaceOrientationPortraitUpsideDown";
				INFOPLIST_KEY_WKCompanionAppBundleIdentifier = "janchalupa.emergency-contacts";
				LD_RUNPATH_SEARCH_PATHS = (
					"$(inherited)",
					"@executable_path/Frameworks",
				);
				MARKETING_VERSION = 1.0;
				PRODUCT_BUNDLE_IDENTIFIER = "janchalupa.emergency-contacts.watchkitapp";
				PRODUCT_NAME = "$(TARGET_NAME)";
				SDKROOT = watchos;
				SKIP_INSTALL = YES;
				SWIFT_EMIT_LOC_STRINGS = YES;
				SWIFT_VERSION = 5.0;
				TARGETED_DEVICE_FAMILY = 4;
				VALIDATE_PRODUCT = YES;
				WATCHOS_DEPLOYMENT_TARGET = 10.2;
			};
			name = Release;
		};
/* End XCBuildConfiguration section */

/* Begin XCConfigurationList section */
		2130A8202B85F67E00B76902 /* Build configuration list for PBXProject "emergency-contacts" */ = {
			isa = XCConfigurationList;
			buildConfigurations = (
				2130A8322B85F68000B76902 /* Debug */,
				2130A8332B85F68000B76902 /* Release */,
			);
			defaultConfigurationIsVisible = 0;
			defaultConfigurationName = Release;
		};
		2130A8342B85F68000B76902 /* Build configuration list for PBXNativeTarget "emergency-contacts" */ = {
			isa = XCConfigurationList;
			buildConfigurations = (
				2130A8352B85F68000B76902 /* Debug */,
				2130A8362B85F68000B76902 /* Release */,
			);
			defaultConfigurationIsVisible = 0;
			defaultConfigurationName = Release;
		};
		21F9939C2B87586F0020C46C /* Build configuration list for PBXNativeTarget "EmergencyContacts_Watch Watch App" */ = {
			isa = XCConfigurationList;
			buildConfigurations = (
				21F9939D2B87586F0020C46C /* Debug */,
				21F9939E2B87586F0020C46C /* Release */,
			);
			defaultConfigurationIsVisible = 0;
			defaultConfigurationName = Release;
		};
/* End XCConfigurationList section */
	};
	rootObject = 2130A81D2B85F67E00B76902 /* Project object */;
}
