// !$*UTF8*$!
{
	archiveVersion = 1;
	classes = {
	};
	objectVersion = 56;
	objects = {

/* Begin PBXBuildFile section */
		2102495D2B8B75A4000A37EE /* WidgetKit.framework in Frameworks */ = {isa = PBXBuildFile; fileRef = 2102495C2B8B75A4000A37EE /* WidgetKit.framework */; };
		2102495F2B8B75A4000A37EE /* SwiftUI.framework in Frameworks */ = {isa = PBXBuildFile; fileRef = 2102495E2B8B75A4000A37EE /* SwiftUI.framework */; };
		210249622B8B75A4000A37EE /* EmergencyContactsWidgetBundle.swift in Sources */ = {isa = PBXBuildFile; fileRef = 210249612B8B75A4000A37EE /* EmergencyContactsWidgetBundle.swift */; };
		210249642B8B75A4000A37EE /* EmergencyContactsWidget.swift in Sources */ = {isa = PBXBuildFile; fileRef = 210249632B8B75A4000A37EE /* EmergencyContactsWidget.swift */; };
		210249662B8B75A4000A37EE /* AppIntent.swift in Sources */ = {isa = PBXBuildFile; fileRef = 210249652B8B75A4000A37EE /* AppIntent.swift */; };
		210249682B8B75A5000A37EE /* Assets.xcassets in Resources */ = {isa = PBXBuildFile; fileRef = 210249672B8B75A5000A37EE /* Assets.xcassets */; };
		2102496C2B8B75A5000A37EE /* EmergencyContactsWidgetExtension.appex in Embed Foundation Extensions */ = {isa = PBXBuildFile; fileRef = 2102495B2B8B75A4000A37EE /* EmergencyContactsWidgetExtension.appex */; settings = {ATTRIBUTES = (RemoveHeadersOnCopy, ); }; };
		211386FE2B87689A00F5422B /* EmergencyContactsApp.swift in Sources */ = {isa = PBXBuildFile; fileRef = 211386FD2B87689A00F5422B /* EmergencyContactsApp.swift */; };
		211387002B87689A00F5422B /* ContentView.swift in Sources */ = {isa = PBXBuildFile; fileRef = 211386FF2B87689A00F5422B /* ContentView.swift */; };
		211387062B87689B00F5422B /* Preview Assets.xcassets in Resources */ = {isa = PBXBuildFile; fileRef = 211387052B87689B00F5422B /* Preview Assets.xcassets */; };
		211387132B8768F300F5422B /* EmergencyContactsWatchApp.swift in Sources */ = {isa = PBXBuildFile; fileRef = 211387122B8768F300F5422B /* EmergencyContactsWatchApp.swift */; };
		211387152B8768F300F5422B /* ContentView.swift in Sources */ = {isa = PBXBuildFile; fileRef = 211387142B8768F300F5422B /* ContentView.swift */; };
		211387172B8768F400F5422B /* Assets.xcassets in Resources */ = {isa = PBXBuildFile; fileRef = 211387162B8768F400F5422B /* Assets.xcassets */; };
		2113871A2B8768F400F5422B /* Preview Assets.xcassets in Resources */ = {isa = PBXBuildFile; fileRef = 211387192B8768F400F5422B /* Preview Assets.xcassets */; };
		2113871D2B8768F400F5422B /* EmergencyContactsWatch Watch App.app in Embed Watch Content */ = {isa = PBXBuildFile; fileRef = 211387102B8768F300F5422B /* EmergencyContactsWatch Watch App.app */; settings = {ATTRIBUTES = (RemoveHeadersOnCopy, ); }; };
		212B83C72B8B9B53005B232C /* LookAround.swift in Sources */ = {isa = PBXBuildFile; fileRef = 212B83C62B8B9B53005B232C /* LookAround.swift */; };
		212B83C92B8BACAF005B232C /* Settings.swift in Sources */ = {isa = PBXBuildFile; fileRef = 212B83C82B8BACAF005B232C /* Settings.swift */; };
		213BCA632B8F6EBF00C2B420 /* Pill.swift in Sources */ = {isa = PBXBuildFile; fileRef = 213BCA622B8F6EBF00C2B420 /* Pill.swift */; };
		213BCA642B8F6EBF00C2B420 /* Pill.swift in Sources */ = {isa = PBXBuildFile; fileRef = 213BCA622B8F6EBF00C2B420 /* Pill.swift */; };
		213BCA6C2B8FCB8200C2B420 /* InfoPlist.xcstrings in Resources */ = {isa = PBXBuildFile; fileRef = 213BCA6B2B8FCB8200C2B420 /* InfoPlist.xcstrings */; };
		213BCA6D2B8FCB8200C2B420 /* InfoPlist.xcstrings in Resources */ = {isa = PBXBuildFile; fileRef = 213BCA6B2B8FCB8200C2B420 /* InfoPlist.xcstrings */; };
		2145E7102B8769AE00494930 /* Utilities.swift in Sources */ = {isa = PBXBuildFile; fileRef = 2145E7062B8769AD00494930 /* Utilities.swift */; };
		2145E7112B8769AE00494930 /* Assets.xcassets in Resources */ = {isa = PBXBuildFile; fileRef = 2145E7072B8769AD00494930 /* Assets.xcassets */; };
		2145E7122B8769AE00494930 /* Preview Content in Resources */ = {isa = PBXBuildFile; fileRef = 2145E7082B8769AD00494930 /* Preview Content */; };
		2145E7132B8769AE00494930 /* Map.swift in Sources */ = {isa = PBXBuildFile; fileRef = 2145E7092B8769AD00494930 /* Map.swift */; };
		2145E7142B8769AE00494930 /* ItemsList.Item.swift in Sources */ = {isa = PBXBuildFile; fileRef = 2145E70A2B8769AD00494930 /* ItemsList.Item.swift */; };
		2145E7152B8769AE00494930 /* DataManager.swift in Sources */ = {isa = PBXBuildFile; fileRef = 2145E70B2B8769AD00494930 /* DataManager.swift */; };
		2145E7162B8769AE00494930 /* Item.swift in Sources */ = {isa = PBXBuildFile; fileRef = 2145E70C2B8769AE00494930 /* Item.swift */; };
		2145E7172B8769AE00494930 /* DataErrorHandler.swift in Sources */ = {isa = PBXBuildFile; fileRef = 2145E70D2B8769AE00494930 /* DataErrorHandler.swift */; };
		2145E7182B8769AE00494930 /* Localizable.xcstrings in Resources */ = {isa = PBXBuildFile; fileRef = 2145E70E2B8769AE00494930 /* Localizable.xcstrings */; };
		2145E7192B8769AE00494930 /* ItemsList.swift in Sources */ = {isa = PBXBuildFile; fileRef = 2145E70F2B8769AE00494930 /* ItemsList.swift */; };
		21869C802B8C92800009810E /* Izs.swift in Sources */ = {isa = PBXBuildFile; fileRef = 21869C7F2B8C92800009810E /* Izs.swift */; };
		219F1DC72B8E18B200DD5EFD /* Izs.swift in Sources */ = {isa = PBXBuildFile; fileRef = 219F1DC62B8E18B200DD5EFD /* Izs.swift */; };
		219F1DC92B8E18C400DD5EFD /* Izs.Item.swift in Sources */ = {isa = PBXBuildFile; fileRef = 219F1DC82B8E18C400DD5EFD /* Izs.Item.swift */; };
		219F1DCA2B8E18DA00DD5EFD /* IzsItem.swift in Sources */ = {isa = PBXBuildFile; fileRef = 21EB968D2B8CD8420075A2F5 /* IzsItem.swift */; };
		21EB96892B8CCD8F0075A2F5 /* ItemsList.Filter.swift in Sources */ = {isa = PBXBuildFile; fileRef = 21EB96882B8CCD8F0075A2F5 /* ItemsList.Filter.swift */; };
		21EB968C2B8CD7FF0075A2F5 /* Izs.Item.swift in Sources */ = {isa = PBXBuildFile; fileRef = 21EB968B2B8CD7FF0075A2F5 /* Izs.Item.swift */; };
		21EB968E2B8CD8420075A2F5 /* IzsItem.swift in Sources */ = {isa = PBXBuildFile; fileRef = 21EB968D2B8CD8420075A2F5 /* IzsItem.swift */; };
		21F2BFD32B876BBD0007BF31 /* Item.swift in Sources */ = {isa = PBXBuildFile; fileRef = 2145E70C2B8769AE00494930 /* Item.swift */; };
		21F2BFD42B876BC30007BF31 /* Utilities.swift in Sources */ = {isa = PBXBuildFile; fileRef = 2145E7062B8769AD00494930 /* Utilities.swift */; };
		21F2BFD62B876BD90007BF31 /* ItemsList.swift in Sources */ = {isa = PBXBuildFile; fileRef = 21F2BFD52B876BD90007BF31 /* ItemsList.swift */; };
		21F2BFD82B876BFE0007BF31 /* ItemsList.Item.swift in Sources */ = {isa = PBXBuildFile; fileRef = 21F2BFD72B876BFE0007BF31 /* ItemsList.Item.swift */; };
		21F2BFD92B876C650007BF31 /* Localizable.xcstrings in Resources */ = {isa = PBXBuildFile; fileRef = 2145E70E2B8769AE00494930 /* Localizable.xcstrings */; };
		21F2BFE22B87973B0007BF31 /* Map.swift in Sources */ = {isa = PBXBuildFile; fileRef = 2145E7092B8769AD00494930 /* Map.swift */; };
		21F2BFE32B87973D0007BF31 /* DataErrorHandler.swift in Sources */ = {isa = PBXBuildFile; fileRef = 2145E70D2B8769AE00494930 /* DataErrorHandler.swift */; };
		21F2BFE42B8797780007BF31 /* DataManager.swift in Sources */ = {isa = PBXBuildFile; fileRef = 2145E70B2B8769AD00494930 /* DataManager.swift */; };
/* End PBXBuildFile section */

/* Begin PBXContainerItemProxy section */
		2102496A2B8B75A5000A37EE /* PBXContainerItemProxy */ = {
			isa = PBXContainerItemProxy;
			containerPortal = 211386F22B87689A00F5422B /* Project object */;
			proxyType = 1;
			remoteGlobalIDString = 2102495A2B8B75A4000A37EE;
			remoteInfo = EmergencyContactsWidgetExtension;
		};
		2113871B2B8768F400F5422B /* PBXContainerItemProxy */ = {
			isa = PBXContainerItemProxy;
			containerPortal = 211386F22B87689A00F5422B /* Project object */;
			proxyType = 1;
			remoteGlobalIDString = 2113870F2B8768F300F5422B;
			remoteInfo = "EmergencyContactsWatch Watch App";
		};
/* End PBXContainerItemProxy section */

/* Begin PBXCopyFilesBuildPhase section */
		2102496D2B8B75A5000A37EE /* Embed Foundation Extensions */ = {
			isa = PBXCopyFilesBuildPhase;
			buildActionMask = 2147483647;
			dstPath = "";
			dstSubfolderSpec = 13;
			files = (
				2102496C2B8B75A5000A37EE /* EmergencyContactsWidgetExtension.appex in Embed Foundation Extensions */,
			);
			name = "Embed Foundation Extensions";
			runOnlyForDeploymentPostprocessing = 0;
		};
		2113871E2B8768F400F5422B /* Embed Watch Content */ = {
			isa = PBXCopyFilesBuildPhase;
			buildActionMask = 2147483647;
			dstPath = "$(CONTENTS_FOLDER_PATH)/Watch";
			dstSubfolderSpec = 16;
			files = (
				2113871D2B8768F400F5422B /* EmergencyContactsWatch Watch App.app in Embed Watch Content */,
			);
			name = "Embed Watch Content";
			runOnlyForDeploymentPostprocessing = 0;
		};
/* End PBXCopyFilesBuildPhase section */

/* Begin PBXFileReference section */
		2102495B2B8B75A4000A37EE /* EmergencyContactsWidgetExtension.appex */ = {isa = PBXFileReference; explicitFileType = "wrapper.app-extension"; includeInIndex = 0; path = EmergencyContactsWidgetExtension.appex; sourceTree = BUILT_PRODUCTS_DIR; };
		2102495C2B8B75A4000A37EE /* WidgetKit.framework */ = {isa = PBXFileReference; lastKnownFileType = wrapper.framework; name = WidgetKit.framework; path = System/Library/Frameworks/WidgetKit.framework; sourceTree = SDKROOT; };
		2102495E2B8B75A4000A37EE /* SwiftUI.framework */ = {isa = PBXFileReference; lastKnownFileType = wrapper.framework; name = SwiftUI.framework; path = System/Library/Frameworks/SwiftUI.framework; sourceTree = SDKROOT; };
		210249612B8B75A4000A37EE /* EmergencyContactsWidgetBundle.swift */ = {isa = PBXFileReference; lastKnownFileType = sourcecode.swift; path = EmergencyContactsWidgetBundle.swift; sourceTree = "<group>"; };
		210249632B8B75A4000A37EE /* EmergencyContactsWidget.swift */ = {isa = PBXFileReference; lastKnownFileType = sourcecode.swift; path = EmergencyContactsWidget.swift; sourceTree = "<group>"; };
		210249652B8B75A4000A37EE /* AppIntent.swift */ = {isa = PBXFileReference; lastKnownFileType = sourcecode.swift; path = AppIntent.swift; sourceTree = "<group>"; };
		210249672B8B75A5000A37EE /* Assets.xcassets */ = {isa = PBXFileReference; lastKnownFileType = folder.assetcatalog; path = Assets.xcassets; sourceTree = "<group>"; };
		210249692B8B75A5000A37EE /* Info.plist */ = {isa = PBXFileReference; lastKnownFileType = text.plist.xml; path = Info.plist; sourceTree = "<group>"; };
		211104932B8A8E56008B3815 /* Info.plist */ = {isa = PBXFileReference; lastKnownFileType = text.plist; path = Info.plist; sourceTree = "<group>"; };
		211386FA2B87689A00F5422B /* EmergencyContacts.app */ = {isa = PBXFileReference; explicitFileType = wrapper.application; includeInIndex = 0; path = EmergencyContacts.app; sourceTree = BUILT_PRODUCTS_DIR; };
		211386FD2B87689A00F5422B /* EmergencyContactsApp.swift */ = {isa = PBXFileReference; lastKnownFileType = sourcecode.swift; path = EmergencyContactsApp.swift; sourceTree = "<group>"; };
		211386FF2B87689A00F5422B /* ContentView.swift */ = {isa = PBXFileReference; lastKnownFileType = sourcecode.swift; path = ContentView.swift; sourceTree = "<group>"; };
		211387012B87689B00F5422B /* Assets.xcassets */ = {isa = PBXFileReference; lastKnownFileType = folder.assetcatalog; path = Assets.xcassets; sourceTree = "<group>"; };
		211387032B87689B00F5422B /* EmergencyContacts.entitlements */ = {isa = PBXFileReference; lastKnownFileType = text.plist.entitlements; path = EmergencyContacts.entitlements; sourceTree = "<group>"; };
		211387052B87689B00F5422B /* Preview Assets.xcassets */ = {isa = PBXFileReference; lastKnownFileType = folder.assetcatalog; path = "Preview Assets.xcassets"; sourceTree = "<group>"; };
		211387102B8768F300F5422B /* EmergencyContactsWatch Watch App.app */ = {isa = PBXFileReference; explicitFileType = wrapper.application; includeInIndex = 0; path = "EmergencyContactsWatch Watch App.app"; sourceTree = BUILT_PRODUCTS_DIR; };
		211387122B8768F300F5422B /* EmergencyContactsWatchApp.swift */ = {isa = PBXFileReference; lastKnownFileType = sourcecode.swift; path = EmergencyContactsWatchApp.swift; sourceTree = "<group>"; };
		211387142B8768F300F5422B /* ContentView.swift */ = {isa = PBXFileReference; lastKnownFileType = sourcecode.swift; path = ContentView.swift; sourceTree = "<group>"; };
		211387162B8768F400F5422B /* Assets.xcassets */ = {isa = PBXFileReference; lastKnownFileType = folder.assetcatalog; path = Assets.xcassets; sourceTree = "<group>"; };
		211387192B8768F400F5422B /* Preview Assets.xcassets */ = {isa = PBXFileReference; lastKnownFileType = folder.assetcatalog; path = "Preview Assets.xcassets"; sourceTree = "<group>"; };
		212B83C62B8B9B53005B232C /* LookAround.swift */ = {isa = PBXFileReference; lastKnownFileType = sourcecode.swift; path = LookAround.swift; sourceTree = "<group>"; };
		212B83C82B8BACAF005B232C /* Settings.swift */ = {isa = PBXFileReference; lastKnownFileType = sourcecode.swift; path = Settings.swift; sourceTree = "<group>"; };
		213BCA622B8F6EBF00C2B420 /* Pill.swift */ = {isa = PBXFileReference; lastKnownFileType = sourcecode.swift; path = Pill.swift; sourceTree = "<group>"; };
		213BCA6B2B8FCB8200C2B420 /* InfoPlist.xcstrings */ = {isa = PBXFileReference; lastKnownFileType = text.json.xcstrings; path = InfoPlist.xcstrings; sourceTree = "<group>"; };
		2145E7062B8769AD00494930 /* Utilities.swift */ = {isa = PBXFileReference; fileEncoding = 4; lastKnownFileType = sourcecode.swift; path = Utilities.swift; sourceTree = "<group>"; };
		2145E7072B8769AD00494930 /* Assets.xcassets */ = {isa = PBXFileReference; lastKnownFileType = folder.assetcatalog; path = Assets.xcassets; sourceTree = "<group>"; };
		2145E7082B8769AD00494930 /* Preview Content */ = {isa = PBXFileReference; lastKnownFileType = folder; path = "Preview Content"; sourceTree = "<group>"; };
		2145E7092B8769AD00494930 /* Map.swift */ = {isa = PBXFileReference; fileEncoding = 4; lastKnownFileType = sourcecode.swift; path = Map.swift; sourceTree = "<group>"; };
		2145E70A2B8769AD00494930 /* ItemsList.Item.swift */ = {isa = PBXFileReference; fileEncoding = 4; lastKnownFileType = sourcecode.swift; path = ItemsList.Item.swift; sourceTree = "<group>"; };
		2145E70B2B8769AD00494930 /* DataManager.swift */ = {isa = PBXFileReference; fileEncoding = 4; lastKnownFileType = sourcecode.swift; path = DataManager.swift; sourceTree = "<group>"; };
		2145E70C2B8769AE00494930 /* Item.swift */ = {isa = PBXFileReference; fileEncoding = 4; lastKnownFileType = sourcecode.swift; path = Item.swift; sourceTree = "<group>"; };
		2145E70D2B8769AE00494930 /* DataErrorHandler.swift */ = {isa = PBXFileReference; fileEncoding = 4; lastKnownFileType = sourcecode.swift; path = DataErrorHandler.swift; sourceTree = "<group>"; };
		2145E70E2B8769AE00494930 /* Localizable.xcstrings */ = {isa = PBXFileReference; fileEncoding = 4; lastKnownFileType = text.json.xcstrings; path = Localizable.xcstrings; sourceTree = "<group>"; };
		2145E70F2B8769AE00494930 /* ItemsList.swift */ = {isa = PBXFileReference; fileEncoding = 4; lastKnownFileType = sourcecode.swift; path = ItemsList.swift; sourceTree = "<group>"; };
		21869C7F2B8C92800009810E /* Izs.swift */ = {isa = PBXFileReference; lastKnownFileType = sourcecode.swift; path = Izs.swift; sourceTree = "<group>"; };
		219F1DC62B8E18B200DD5EFD /* Izs.swift */ = {isa = PBXFileReference; lastKnownFileType = sourcecode.swift; path = Izs.swift; sourceTree = "<group>"; };
		219F1DC82B8E18C400DD5EFD /* Izs.Item.swift */ = {isa = PBXFileReference; lastKnownFileType = sourcecode.swift; path = Izs.Item.swift; sourceTree = "<group>"; };
		21AEFFE12B8E7FF700A9C582 /* EmergencyContactsWidgetExtension.entitlements */ = {isa = PBXFileReference; lastKnownFileType = text.plist.entitlements; path = EmergencyContactsWidgetExtension.entitlements; sourceTree = "<group>"; };
		21AEFFE22B8E800B00A9C582 /* EmergencyContactsWatch Watch App.entitlements */ = {isa = PBXFileReference; lastKnownFileType = text.plist.entitlements; path = "EmergencyContactsWatch Watch App.entitlements"; sourceTree = "<group>"; };
		21DAFA432B88A95700A52BED /* UIKit.framework */ = {isa = PBXFileReference; lastKnownFileType = wrapper.framework; name = UIKit.framework; path = Platforms/iPhoneOS.platform/Developer/SDKs/iPhoneOS17.2.sdk/System/Library/Frameworks/UIKit.framework; sourceTree = DEVELOPER_DIR; };
		21DAFA452B88A98400A52BED /* libswiftUIKit.tbd */ = {isa = PBXFileReference; lastKnownFileType = "sourcecode.text-based-dylib-definition"; name = libswiftUIKit.tbd; path = Platforms/iPhoneOS.platform/Developer/SDKs/iPhoneOS17.2.sdk/usr/lib/swift/libswiftUIKit.tbd; sourceTree = DEVELOPER_DIR; };
		21EB96882B8CCD8F0075A2F5 /* ItemsList.Filter.swift */ = {isa = PBXFileReference; lastKnownFileType = sourcecode.swift; path = ItemsList.Filter.swift; sourceTree = "<group>"; };
		21EB968B2B8CD7FF0075A2F5 /* Izs.Item.swift */ = {isa = PBXFileReference; lastKnownFileType = sourcecode.swift; path = Izs.Item.swift; sourceTree = "<group>"; };
		21EB968D2B8CD8420075A2F5 /* IzsItem.swift */ = {isa = PBXFileReference; lastKnownFileType = sourcecode.swift; path = IzsItem.swift; sourceTree = "<group>"; };
		21F2BFD52B876BD90007BF31 /* ItemsList.swift */ = {isa = PBXFileReference; lastKnownFileType = sourcecode.swift; path = ItemsList.swift; sourceTree = "<group>"; };
		21F2BFD72B876BFE0007BF31 /* ItemsList.Item.swift */ = {isa = PBXFileReference; lastKnownFileType = sourcecode.swift; path = ItemsList.Item.swift; sourceTree = "<group>"; };
/* End PBXFileReference section */

/* Begin PBXFrameworksBuildPhase section */
		210249582B8B75A4000A37EE /* Frameworks */ = {
			isa = PBXFrameworksBuildPhase;
			buildActionMask = 2147483647;
			files = (
				2102495F2B8B75A4000A37EE /* SwiftUI.framework in Frameworks */,
				2102495D2B8B75A4000A37EE /* WidgetKit.framework in Frameworks */,
			);
			runOnlyForDeploymentPostprocessing = 0;
		};
		211386F72B87689A00F5422B /* Frameworks */ = {
			isa = PBXFrameworksBuildPhase;
			buildActionMask = 2147483647;
			files = (
			);
			runOnlyForDeploymentPostprocessing = 0;
		};
		2113870D2B8768F300F5422B /* Frameworks */ = {
			isa = PBXFrameworksBuildPhase;
			buildActionMask = 2147483647;
			files = (
			);
			runOnlyForDeploymentPostprocessing = 0;
		};
/* End PBXFrameworksBuildPhase section */

/* Begin PBXGroup section */
		210249602B8B75A4000A37EE /* EmergencyContactsWidget */ = {
			isa = PBXGroup;
			children = (
				210249612B8B75A4000A37EE /* EmergencyContactsWidgetBundle.swift */,
				210249632B8B75A4000A37EE /* EmergencyContactsWidget.swift */,
				210249652B8B75A4000A37EE /* AppIntent.swift */,
				210249672B8B75A5000A37EE /* Assets.xcassets */,
				210249692B8B75A5000A37EE /* Info.plist */,
			);
			path = EmergencyContactsWidget;
			sourceTree = "<group>";
		};
		211386F12B87689A00F5422B = {
			isa = PBXGroup;
			children = (
				21AEFFE22B8E800B00A9C582 /* EmergencyContactsWatch Watch App.entitlements */,
				21AEFFE12B8E7FF700A9C582 /* EmergencyContactsWidgetExtension.entitlements */,
				211386FC2B87689A00F5422B /* EmergencyContacts */,
				211387112B8768F300F5422B /* EmergencyContacts Watch App */,
				210249602B8B75A4000A37EE /* EmergencyContactsWidget */,
				211386FB2B87689A00F5422B /* Products */,
				21DAFA422B88A95600A52BED /* Frameworks */,
			);
			sourceTree = "<group>";
		};
		211386FB2B87689A00F5422B /* Products */ = {
			isa = PBXGroup;
			children = (
				211386FA2B87689A00F5422B /* EmergencyContacts.app */,
				211387102B8768F300F5422B /* EmergencyContactsWatch Watch App.app */,
				2102495B2B8B75A4000A37EE /* EmergencyContactsWidgetExtension.appex */,
			);
			name = Products;
			sourceTree = "<group>";
		};
		211386FC2B87689A00F5422B /* EmergencyContacts */ = {
			isa = PBXGroup;
			children = (
				21EB968A2B8CD7BA0075A2F5 /* Utilities */,
				211104932B8A8E56008B3815 /* Info.plist */,
				213BCA6B2B8FCB8200C2B420 /* InfoPlist.xcstrings */,
				21F2BFDE2B8794EB0007BF31 /* Models */,
				21F2BFDA2B8794C40007BF31 /* Views */,
				2145E7072B8769AD00494930 /* Assets.xcassets */,
				2145E70E2B8769AE00494930 /* Localizable.xcstrings */,
				2145E7082B8769AD00494930 /* Preview Content */,
				211386FD2B87689A00F5422B /* EmergencyContactsApp.swift */,
				211386FF2B87689A00F5422B /* ContentView.swift */,
				211387012B87689B00F5422B /* Assets.xcassets */,
				211387032B87689B00F5422B /* EmergencyContacts.entitlements */,
				211387042B87689B00F5422B /* Preview Content */,
			);
			path = EmergencyContacts;
			sourceTree = "<group>";
		};
		211387042B87689B00F5422B /* Preview Content */ = {
			isa = PBXGroup;
			children = (
				211387052B87689B00F5422B /* Preview Assets.xcassets */,
			);
			path = "Preview Content";
			sourceTree = "<group>";
		};
		211387112B8768F300F5422B /* EmergencyContacts Watch App */ = {
			isa = PBXGroup;
			children = (
				21F2BFDF2B87954C0007BF31 /* Views */,
				211387122B8768F300F5422B /* EmergencyContactsWatchApp.swift */,
				211387142B8768F300F5422B /* ContentView.swift */,
				211387162B8768F400F5422B /* Assets.xcassets */,
				211387182B8768F400F5422B /* Preview Content */,
			);
			path = "EmergencyContacts Watch App";
			sourceTree = "<group>";
		};
		211387182B8768F400F5422B /* Preview Content */ = {
			isa = PBXGroup;
			children = (
				211387192B8768F400F5422B /* Preview Assets.xcassets */,
			);
			path = "Preview Content";
			sourceTree = "<group>";
		};
		21DAFA422B88A95600A52BED /* Frameworks */ = {
			isa = PBXGroup;
			children = (
				21DAFA452B88A98400A52BED /* libswiftUIKit.tbd */,
				21DAFA432B88A95700A52BED /* UIKit.framework */,
				2102495C2B8B75A4000A37EE /* WidgetKit.framework */,
				2102495E2B8B75A4000A37EE /* SwiftUI.framework */,
			);
			name = Frameworks;
			sourceTree = "<group>";
		};
		21EB968A2B8CD7BA0075A2F5 /* Utilities */ = {
			isa = PBXGroup;
			children = (
				2145E70B2B8769AD00494930 /* DataManager.swift */,
				2145E7062B8769AD00494930 /* Utilities.swift */,
			);
			path = Utilities;
			sourceTree = "<group>";
		};
		21F2BFDA2B8794C40007BF31 /* Views */ = {
			isa = PBXGroup;
			children = (
				2145E70F2B8769AE00494930 /* ItemsList.swift */,
				2145E70A2B8769AD00494930 /* ItemsList.Item.swift */,
				21EB96882B8CCD8F0075A2F5 /* ItemsList.Filter.swift */,
				2145E7092B8769AD00494930 /* Map.swift */,
				2145E70D2B8769AE00494930 /* DataErrorHandler.swift */,
				212B83C62B8B9B53005B232C /* LookAround.swift */,
				212B83C82B8BACAF005B232C /* Settings.swift */,
				21869C7F2B8C92800009810E /* Izs.swift */,
				21EB968B2B8CD7FF0075A2F5 /* Izs.Item.swift */,
				213BCA622B8F6EBF00C2B420 /* Pill.swift */,
			);
			path = Views;
			sourceTree = "<group>";
		};
		21F2BFDE2B8794EB0007BF31 /* Models */ = {
			isa = PBXGroup;
			children = (
				2145E70C2B8769AE00494930 /* Item.swift */,
				21EB968D2B8CD8420075A2F5 /* IzsItem.swift */,
			);
			path = Models;
			sourceTree = "<group>";
		};
		21F2BFDF2B87954C0007BF31 /* Views */ = {
			isa = PBXGroup;
			children = (
				21F2BFD72B876BFE0007BF31 /* ItemsList.Item.swift */,
				21F2BFD52B876BD90007BF31 /* ItemsList.swift */,
				219F1DC62B8E18B200DD5EFD /* Izs.swift */,
				219F1DC82B8E18C400DD5EFD /* Izs.Item.swift */,
			);
			path = Views;
			sourceTree = "<group>";
		};
/* End PBXGroup section */

/* Begin PBXNativeTarget section */
		2102495A2B8B75A4000A37EE /* EmergencyContactsWidgetExtension */ = {
			isa = PBXNativeTarget;
			buildConfigurationList = 210249702B8B75A5000A37EE /* Build configuration list for PBXNativeTarget "EmergencyContactsWidgetExtension" */;
			buildPhases = (
				210249572B8B75A4000A37EE /* Sources */,
				210249582B8B75A4000A37EE /* Frameworks */,
				210249592B8B75A4000A37EE /* Resources */,
			);
			buildRules = (
			);
			dependencies = (
			);
			name = EmergencyContactsWidgetExtension;
			productName = EmergencyContactsWidgetExtension;
			productReference = 2102495B2B8B75A4000A37EE /* EmergencyContactsWidgetExtension.appex */;
			productType = "com.apple.product-type.app-extension";
		};
		211386F92B87689A00F5422B /* EmergencyContacts */ = {
			isa = PBXNativeTarget;
			buildConfigurationList = 211387092B87689B00F5422B /* Build configuration list for PBXNativeTarget "EmergencyContacts" */;
			buildPhases = (
				211386F62B87689A00F5422B /* Sources */,
				211386F72B87689A00F5422B /* Frameworks */,
				211386F82B87689A00F5422B /* Resources */,
				2113871E2B8768F400F5422B /* Embed Watch Content */,
				2102496D2B8B75A5000A37EE /* Embed Foundation Extensions */,
				21A65D3C2B90E832002361FE /* ShellScript */,
			);
			buildRules = (
			);
			dependencies = (
				2113871C2B8768F400F5422B /* PBXTargetDependency */,
				2102496B2B8B75A5000A37EE /* PBXTargetDependency */,
			);
			name = EmergencyContacts;
			productName = EmergencyContacts;
			productReference = 211386FA2B87689A00F5422B /* EmergencyContacts.app */;
			productType = "com.apple.product-type.application";
		};
		2113870F2B8768F300F5422B /* EmergencyContactsWatch Watch App */ = {
			isa = PBXNativeTarget;
			buildConfigurationList = 211387212B8768F400F5422B /* Build configuration list for PBXNativeTarget "EmergencyContactsWatch Watch App" */;
			buildPhases = (
				2113870C2B8768F300F5422B /* Sources */,
				2113870D2B8768F300F5422B /* Frameworks */,
				2113870E2B8768F300F5422B /* Resources */,
			);
			buildRules = (
			);
			dependencies = (
			);
			name = "EmergencyContactsWatch Watch App";
			productName = "EmergencyContactsWatch Watch App";
			productReference = 211387102B8768F300F5422B /* EmergencyContactsWatch Watch App.app */;
			productType = "com.apple.product-type.application";
		};
/* End PBXNativeTarget section */

/* Begin PBXProject section */
		211386F22B87689A00F5422B /* Project object */ = {
			isa = PBXProject;
			attributes = {
				BuildIndependentTargetsInParallel = 1;
				LastSwiftUpdateCheck = 1520;
				LastUpgradeCheck = 1520;
				TargetAttributes = {
					2102495A2B8B75A4000A37EE = {
						CreatedOnToolsVersion = 15.2;
					};
					211386F92B87689A00F5422B = {
						CreatedOnToolsVersion = 15.2;
					};
					2113870F2B8768F300F5422B = {
						CreatedOnToolsVersion = 15.2;
					};
				};
			};
			buildConfigurationList = 211386F52B87689A00F5422B /* Build configuration list for PBXProject "EmergencyContacts" */;
			compatibilityVersion = "Xcode 14.0";
			developmentRegion = en;
			hasScannedForEncodings = 0;
			knownRegions = (
				en,
				Base,
				cs,
			);
			mainGroup = 211386F12B87689A00F5422B;
			productRefGroup = 211386FB2B87689A00F5422B /* Products */;
			projectDirPath = "";
			projectRoot = "";
			targets = (
				211386F92B87689A00F5422B /* EmergencyContacts */,
				2113870F2B8768F300F5422B /* EmergencyContactsWatch Watch App */,
				2102495A2B8B75A4000A37EE /* EmergencyContactsWidgetExtension */,
			);
		};
/* End PBXProject section */

/* Begin PBXResourcesBuildPhase section */
		210249592B8B75A4000A37EE /* Resources */ = {
			isa = PBXResourcesBuildPhase;
			buildActionMask = 2147483647;
			files = (
				210249682B8B75A5000A37EE /* Assets.xcassets in Resources */,
			);
			runOnlyForDeploymentPostprocessing = 0;
		};
		211386F82B87689A00F5422B /* Resources */ = {
			isa = PBXResourcesBuildPhase;
			buildActionMask = 2147483647;
			files = (
				2145E7122B8769AE00494930 /* Preview Content in Resources */,
				213BCA6C2B8FCB8200C2B420 /* InfoPlist.xcstrings in Resources */,
				2145E7182B8769AE00494930 /* Localizable.xcstrings in Resources */,
				211387062B87689B00F5422B /* Preview Assets.xcassets in Resources */,
				2145E7112B8769AE00494930 /* Assets.xcassets in Resources */,
			);
			runOnlyForDeploymentPostprocessing = 0;
		};
		2113870E2B8768F300F5422B /* Resources */ = {
			isa = PBXResourcesBuildPhase;
			buildActionMask = 2147483647;
			files = (
				2113871A2B8768F400F5422B /* Preview Assets.xcassets in Resources */,
				211387172B8768F400F5422B /* Assets.xcassets in Resources */,
				213BCA6D2B8FCB8200C2B420 /* InfoPlist.xcstrings in Resources */,
				21F2BFD92B876C650007BF31 /* Localizable.xcstrings in Resources */,
			);
			runOnlyForDeploymentPostprocessing = 0;
		};
/* End PBXResourcesBuildPhase section */

/* Begin PBXShellScriptBuildPhase section */
		21A65D3C2B90E832002361FE /* ShellScript */ = {
			isa = PBXShellScriptBuildPhase;
			buildActionMask = 2147483647;
			files = (
			);
			inputFileListPaths = (
			);
			inputPaths = (
			);
			outputFileListPaths = (
			);
			outputPaths = (
			);
			runOnlyForDeploymentPostprocessing = 0;
			shellPath = /bin/sh;
			shellScript = "cp ./.scripts/pre-commit ./.git/hooks\n";
		};
/* End PBXShellScriptBuildPhase section */

/* Begin PBXSourcesBuildPhase section */
		210249572B8B75A4000A37EE /* Sources */ = {
			isa = PBXSourcesBuildPhase;
			buildActionMask = 2147483647;
			files = (
				210249642B8B75A4000A37EE /* EmergencyContactsWidget.swift in Sources */,
				210249622B8B75A4000A37EE /* EmergencyContactsWidgetBundle.swift in Sources */,
				210249662B8B75A4000A37EE /* AppIntent.swift in Sources */,
			);
			runOnlyForDeploymentPostprocessing = 0;
		};
		211386F62B87689A00F5422B /* Sources */ = {
			isa = PBXSourcesBuildPhase;
			buildActionMask = 2147483647;
			files = (
				2145E7142B8769AE00494930 /* ItemsList.Item.swift in Sources */,
				2145E7192B8769AE00494930 /* ItemsList.swift in Sources */,
				2145E7152B8769AE00494930 /* DataManager.swift in Sources */,
				21EB968C2B8CD7FF0075A2F5 /* Izs.Item.swift in Sources */,
				21869C802B8C92800009810E /* Izs.swift in Sources */,
				212B83C72B8B9B53005B232C /* LookAround.swift in Sources */,
				213BCA632B8F6EBF00C2B420 /* Pill.swift in Sources */,
				2145E7172B8769AE00494930 /* DataErrorHandler.swift in Sources */,
				2145E7102B8769AE00494930 /* Utilities.swift in Sources */,
				2145E7132B8769AE00494930 /* Map.swift in Sources */,
				211387002B87689A00F5422B /* ContentView.swift in Sources */,
				21EB968E2B8CD8420075A2F5 /* IzsItem.swift in Sources */,
				21EB96892B8CCD8F0075A2F5 /* ItemsList.Filter.swift in Sources */,
				2145E7162B8769AE00494930 /* Item.swift in Sources */,
				212B83C92B8BACAF005B232C /* Settings.swift in Sources */,
				211386FE2B87689A00F5422B /* EmergencyContactsApp.swift in Sources */,
			);
			runOnlyForDeploymentPostprocessing = 0;
		};
		2113870C2B8768F300F5422B /* Sources */ = {
			isa = PBXSourcesBuildPhase;
			buildActionMask = 2147483647;
			files = (
				219F1DC92B8E18C400DD5EFD /* Izs.Item.swift in Sources */,
				21F2BFD42B876BC30007BF31 /* Utilities.swift in Sources */,
				21F2BFD32B876BBD0007BF31 /* Item.swift in Sources */,
				219F1DC72B8E18B200DD5EFD /* Izs.swift in Sources */,
				21F2BFD62B876BD90007BF31 /* ItemsList.swift in Sources */,
				219F1DCA2B8E18DA00DD5EFD /* IzsItem.swift in Sources */,
				21F2BFD82B876BFE0007BF31 /* ItemsList.Item.swift in Sources */,
				213BCA642B8F6EBF00C2B420 /* Pill.swift in Sources */,
				211387152B8768F300F5422B /* ContentView.swift in Sources */,
				21F2BFE22B87973B0007BF31 /* Map.swift in Sources */,
				21F2BFE32B87973D0007BF31 /* DataErrorHandler.swift in Sources */,
				21F2BFE42B8797780007BF31 /* DataManager.swift in Sources */,
				211387132B8768F300F5422B /* EmergencyContactsWatchApp.swift in Sources */,
			);
			runOnlyForDeploymentPostprocessing = 0;
		};
/* End PBXSourcesBuildPhase section */

/* Begin PBXTargetDependency section */
		2102496B2B8B75A5000A37EE /* PBXTargetDependency */ = {
			isa = PBXTargetDependency;
			target = 2102495A2B8B75A4000A37EE /* EmergencyContactsWidgetExtension */;
			targetProxy = 2102496A2B8B75A5000A37EE /* PBXContainerItemProxy */;
		};
		2113871C2B8768F400F5422B /* PBXTargetDependency */ = {
			isa = PBXTargetDependency;
			target = 2113870F2B8768F300F5422B /* EmergencyContactsWatch Watch App */;
			targetProxy = 2113871B2B8768F400F5422B /* PBXContainerItemProxy */;
		};
/* End PBXTargetDependency section */

/* Begin XCBuildConfiguration section */
		2102496E2B8B75A5000A37EE /* Debug */ = {
			isa = XCBuildConfiguration;
			buildSettings = {
				ASSETCATALOG_COMPILER_GLOBAL_ACCENT_COLOR_NAME = AccentColor;
				ASSETCATALOG_COMPILER_WIDGET_BACKGROUND_COLOR_NAME = WidgetBackground;
				CODE_SIGN_ENTITLEMENTS = EmergencyContactsWidgetExtension.entitlements;
				CODE_SIGN_IDENTITY = "Apple Development";
				CODE_SIGN_STYLE = Automatic;
				CURRENT_PROJECT_VERSION = 1;
				DEVELOPMENT_TEAM = 4XV9V3GJPT;
				GENERATE_INFOPLIST_FILE = YES;
				INFOPLIST_FILE = EmergencyContactsWidget/Info.plist;
				INFOPLIST_KEY_CFBundleDisplayName = "Emergency Contacts";
				INFOPLIST_KEY_NSHumanReadableCopyright = "";
				IPHONEOS_DEPLOYMENT_TARGET = 17.2;
				LD_RUNPATH_SEARCH_PATHS = (
					"$(inherited)",
					"@executable_path/Frameworks",
					"@executable_path/../../Frameworks",
				);
				MARKETING_VERSION = 1.0;
				PRODUCT_BUNDLE_IDENTIFIER = janchalupa.EmergencyContacts.EmergencyContactsWidget;
				PRODUCT_NAME = "$(TARGET_NAME)";
				SDKROOT = iphoneos;
				SKIP_INSTALL = YES;
				SWIFT_EMIT_LOC_STRINGS = YES;
				SWIFT_VERSION = 5.0;
				TARGETED_DEVICE_FAMILY = "1,2";
			};
			name = Debug;
		};
		2102496F2B8B75A5000A37EE /* Release */ = {
			isa = XCBuildConfiguration;
			buildSettings = {
				ASSETCATALOG_COMPILER_GLOBAL_ACCENT_COLOR_NAME = AccentColor;
				ASSETCATALOG_COMPILER_WIDGET_BACKGROUND_COLOR_NAME = WidgetBackground;
				CODE_SIGN_ENTITLEMENTS = EmergencyContactsWidgetExtension.entitlements;
				CODE_SIGN_IDENTITY = "Apple Development";
				CODE_SIGN_STYLE = Automatic;
				CURRENT_PROJECT_VERSION = 1;
				DEVELOPMENT_TEAM = 4XV9V3GJPT;
				GENERATE_INFOPLIST_FILE = YES;
				INFOPLIST_FILE = EmergencyContactsWidget/Info.plist;
				INFOPLIST_KEY_CFBundleDisplayName = "Emergency Contacts";
				INFOPLIST_KEY_NSHumanReadableCopyright = "";
				IPHONEOS_DEPLOYMENT_TARGET = 17.2;
				LD_RUNPATH_SEARCH_PATHS = (
					"$(inherited)",
					"@executable_path/Frameworks",
					"@executable_path/../../Frameworks",
				);
				MARKETING_VERSION = 1.0;
				PRODUCT_BUNDLE_IDENTIFIER = janchalupa.EmergencyContacts.EmergencyContactsWidget;
				PRODUCT_NAME = "$(TARGET_NAME)";
				SDKROOT = iphoneos;
				SKIP_INSTALL = YES;
				SWIFT_EMIT_LOC_STRINGS = YES;
				SWIFT_VERSION = 5.0;
				TARGETED_DEVICE_FAMILY = "1,2";
				VALIDATE_PRODUCT = YES;
			};
			name = Release;
		};
		211387072B87689B00F5422B /* Debug */ = {
			isa = XCBuildConfiguration;
			buildSettings = {
				ALWAYS_SEARCH_USER_PATHS = NO;
				ASSETCATALOG_COMPILER_GENERATE_SWIFT_ASSET_SYMBOL_EXTENSIONS = YES;
				CLANG_ANALYZER_NONNULL = YES;
				CLANG_ANALYZER_NUMBER_OBJECT_CONVERSION = YES_AGGRESSIVE;
				CLANG_CXX_LANGUAGE_STANDARD = "gnu++20";
				CLANG_ENABLE_MODULES = YES;
				CLANG_ENABLE_OBJC_ARC = YES;
				CLANG_ENABLE_OBJC_WEAK = YES;
				CLANG_WARN_BLOCK_CAPTURE_AUTORELEASING = YES;
				CLANG_WARN_BOOL_CONVERSION = YES;
				CLANG_WARN_COMMA = YES;
				CLANG_WARN_CONSTANT_CONVERSION = YES;
				CLANG_WARN_DEPRECATED_OBJC_IMPLEMENTATIONS = YES;
				CLANG_WARN_DIRECT_OBJC_ISA_USAGE = YES_ERROR;
				CLANG_WARN_DOCUMENTATION_COMMENTS = YES;
				CLANG_WARN_EMPTY_BODY = YES;
				CLANG_WARN_ENUM_CONVERSION = YES;
				CLANG_WARN_INFINITE_RECURSION = YES;
				CLANG_WARN_INT_CONVERSION = YES;
				CLANG_WARN_NON_LITERAL_NULL_CONVERSION = YES;
				CLANG_WARN_OBJC_IMPLICIT_RETAIN_SELF = YES;
				CLANG_WARN_OBJC_LITERAL_CONVERSION = YES;
				CLANG_WARN_OBJC_ROOT_CLASS = YES_ERROR;
				CLANG_WARN_QUOTED_INCLUDE_IN_FRAMEWORK_HEADER = YES;
				CLANG_WARN_RANGE_LOOP_ANALYSIS = YES;
				CLANG_WARN_STRICT_PROTOTYPES = YES;
				CLANG_WARN_SUSPICIOUS_MOVE = YES;
				CLANG_WARN_UNGUARDED_AVAILABILITY = YES_AGGRESSIVE;
				CLANG_WARN_UNREACHABLE_CODE = YES;
				CLANG_WARN__DUPLICATE_METHOD_MATCH = YES;
				COPY_PHASE_STRIP = NO;
				DEBUG_INFORMATION_FORMAT = dwarf;
				ENABLE_STRICT_OBJC_MSGSEND = YES;
				ENABLE_TESTABILITY = YES;
				ENABLE_USER_SCRIPT_SANDBOXING = YES;
				GCC_C_LANGUAGE_STANDARD = gnu17;
				GCC_DYNAMIC_NO_PIC = NO;
				GCC_NO_COMMON_BLOCKS = YES;
				GCC_OPTIMIZATION_LEVEL = 0;
				GCC_PREPROCESSOR_DEFINITIONS = (
					"DEBUG=1",
					"$(inherited)",
				);
				GCC_WARN_64_TO_32_BIT_CONVERSION = YES;
				GCC_WARN_ABOUT_RETURN_TYPE = YES_ERROR;
				GCC_WARN_UNDECLARED_SELECTOR = YES;
				GCC_WARN_UNINITIALIZED_AUTOS = YES_AGGRESSIVE;
				GCC_WARN_UNUSED_FUNCTION = YES;
				GCC_WARN_UNUSED_VARIABLE = YES;
				LOCALIZATION_PREFERS_STRING_CATALOGS = YES;
				MTL_ENABLE_DEBUG_INFO = INCLUDE_SOURCE;
				MTL_FAST_MATH = YES;
				ONLY_ACTIVE_ARCH = YES;
				SWIFT_ACTIVE_COMPILATION_CONDITIONS = "DEBUG $(inherited)";
				SWIFT_OPTIMIZATION_LEVEL = "-Onone";
			};
			name = Debug;
		};
		211387082B87689B00F5422B /* Release */ = {
			isa = XCBuildConfiguration;
			buildSettings = {
				ALWAYS_SEARCH_USER_PATHS = NO;
				ASSETCATALOG_COMPILER_GENERATE_SWIFT_ASSET_SYMBOL_EXTENSIONS = YES;
				CLANG_ANALYZER_NONNULL = YES;
				CLANG_ANALYZER_NUMBER_OBJECT_CONVERSION = YES_AGGRESSIVE;
				CLANG_CXX_LANGUAGE_STANDARD = "gnu++20";
				CLANG_ENABLE_MODULES = YES;
				CLANG_ENABLE_OBJC_ARC = YES;
				CLANG_ENABLE_OBJC_WEAK = YES;
				CLANG_WARN_BLOCK_CAPTURE_AUTORELEASING = YES;
				CLANG_WARN_BOOL_CONVERSION = YES;
				CLANG_WARN_COMMA = YES;
				CLANG_WARN_CONSTANT_CONVERSION = YES;
				CLANG_WARN_DEPRECATED_OBJC_IMPLEMENTATIONS = YES;
				CLANG_WARN_DIRECT_OBJC_ISA_USAGE = YES_ERROR;
				CLANG_WARN_DOCUMENTATION_COMMENTS = YES;
				CLANG_WARN_EMPTY_BODY = YES;
				CLANG_WARN_ENUM_CONVERSION = YES;
				CLANG_WARN_INFINITE_RECURSION = YES;
				CLANG_WARN_INT_CONVERSION = YES;
				CLANG_WARN_NON_LITERAL_NULL_CONVERSION = YES;
				CLANG_WARN_OBJC_IMPLICIT_RETAIN_SELF = YES;
				CLANG_WARN_OBJC_LITERAL_CONVERSION = YES;
				CLANG_WARN_OBJC_ROOT_CLASS = YES_ERROR;
				CLANG_WARN_QUOTED_INCLUDE_IN_FRAMEWORK_HEADER = YES;
				CLANG_WARN_RANGE_LOOP_ANALYSIS = YES;
				CLANG_WARN_STRICT_PROTOTYPES = YES;
				CLANG_WARN_SUSPICIOUS_MOVE = YES;
				CLANG_WARN_UNGUARDED_AVAILABILITY = YES_AGGRESSIVE;
				CLANG_WARN_UNREACHABLE_CODE = YES;
				CLANG_WARN__DUPLICATE_METHOD_MATCH = YES;
				COPY_PHASE_STRIP = NO;
				DEBUG_INFORMATION_FORMAT = "dwarf-with-dsym";
				ENABLE_NS_ASSERTIONS = NO;
				ENABLE_STRICT_OBJC_MSGSEND = YES;
				ENABLE_USER_SCRIPT_SANDBOXING = YES;
				GCC_C_LANGUAGE_STANDARD = gnu17;
				GCC_NO_COMMON_BLOCKS = YES;
				GCC_WARN_64_TO_32_BIT_CONVERSION = YES;
				GCC_WARN_ABOUT_RETURN_TYPE = YES_ERROR;
				GCC_WARN_UNDECLARED_SELECTOR = YES;
				GCC_WARN_UNINITIALIZED_AUTOS = YES_AGGRESSIVE;
				GCC_WARN_UNUSED_FUNCTION = YES;
				GCC_WARN_UNUSED_VARIABLE = YES;
				LOCALIZATION_PREFERS_STRING_CATALOGS = YES;
				MTL_ENABLE_DEBUG_INFO = NO;
				MTL_FAST_MATH = YES;
				SWIFT_COMPILATION_MODE = wholemodule;
			};
			name = Release;
		};
		2113870A2B87689B00F5422B /* Debug */ = {
			isa = XCBuildConfiguration;
			buildSettings = {
				ALWAYS_EMBED_SWIFT_STANDARD_LIBRARIES = YES;
				ASSETCATALOG_COMPILER_APPICON_NAME = AppIcon;
				ASSETCATALOG_COMPILER_GLOBAL_ACCENT_COLOR_NAME = AccentColor;
				CODE_SIGN_ENTITLEMENTS = EmergencyContacts/EmergencyContacts.entitlements;
				CODE_SIGN_IDENTITY = "Apple Development";
				CODE_SIGN_STYLE = Automatic;
				CURRENT_PROJECT_VERSION = 1;
				DEVELOPMENT_ASSET_PATHS = "\"EmergencyContacts/Preview Content\"";
				DEVELOPMENT_TEAM = 4XV9V3GJPT;
				ENABLE_HARDENED_RUNTIME = YES;
				"ENABLE_HARDENED_RUNTIME[sdk=macosx*]" = YES;
				ENABLE_PREVIEWS = YES;
				GENERATE_INFOPLIST_FILE = YES;
				INFOPLIST_FILE = EmergencyContacts/Info.plist;
				INFOPLIST_KEY_CFBundleDisplayName = "Emergency Contacts";
				INFOPLIST_KEY_LSApplicationCategoryType = "public.app-category.healthcare-fitness";
				INFOPLIST_KEY_NSLocationUsageDescription = "Your location will be used to locate the nearest emergency room.";
				INFOPLIST_KEY_NSLocationWhenInUseUsageDescription = "Your location will be used to locate the nearest emergency room.";
				"INFOPLIST_KEY_UIApplicationSceneManifest_Generation[sdk=iphoneos*]" = YES;
				"INFOPLIST_KEY_UIApplicationSceneManifest_Generation[sdk=iphonesimulator*]" = YES;
				"INFOPLIST_KEY_UIApplicationSupportsIndirectInputEvents[sdk=iphoneos*]" = YES;
				"INFOPLIST_KEY_UIApplicationSupportsIndirectInputEvents[sdk=iphonesimulator*]" = YES;
				"INFOPLIST_KEY_UILaunchScreen_Generation[sdk=iphoneos*]" = YES;
				"INFOPLIST_KEY_UILaunchScreen_Generation[sdk=iphonesimulator*]" = YES;
				INFOPLIST_KEY_UIStatusBarStyle = "";
				"INFOPLIST_KEY_UIStatusBarStyle[sdk=iphoneos*]" = UIStatusBarStyleDefault;
				"INFOPLIST_KEY_UIStatusBarStyle[sdk=iphonesimulator*]" = UIStatusBarStyleDefault;
				INFOPLIST_KEY_UISupportedInterfaceOrientations_iPad = "UIInterfaceOrientationPortrait UIInterfaceOrientationPortraitUpsideDown UIInterfaceOrientationLandscapeLeft UIInterfaceOrientationLandscapeRight";
				INFOPLIST_KEY_UISupportedInterfaceOrientations_iPhone = "UIInterfaceOrientationPortrait UIInterfaceOrientationLandscapeLeft UIInterfaceOrientationLandscapeRight";
				IPHONEOS_DEPLOYMENT_TARGET = 17.0;
				LD_RUNPATH_SEARCH_PATHS = "@executable_path/Frameworks";
				"LD_RUNPATH_SEARCH_PATHS[sdk=macosx*]" = "@executable_path/../Frameworks";
				MACOSX_DEPLOYMENT_TARGET = 14.0;
				MARKETING_VERSION = 1.0;
				PRODUCT_BUNDLE_IDENTIFIER = janchalupa.EmergencyContacts;
				PRODUCT_NAME = "$(TARGET_NAME)";
				PROVISIONING_PROFILE_SPECIFIER = "";
				SDKROOT = auto;
				SUPPORTED_PLATFORMS = "iphoneos iphonesimulator";
				SUPPORTS_MACCATALYST = NO;
				SUPPORTS_MAC_DESIGNED_FOR_IPHONE_IPAD = YES;
				SUPPORTS_XR_DESIGNED_FOR_IPHONE_IPAD = YES;
				SWIFT_EMIT_LOC_STRINGS = YES;
				SWIFT_VERSION = 5.0;
				TARGETED_DEVICE_FAMILY = "1,2";
			};
			name = Debug;
		};
		2113870B2B87689B00F5422B /* Release */ = {
			isa = XCBuildConfiguration;
			buildSettings = {
				ALWAYS_EMBED_SWIFT_STANDARD_LIBRARIES = YES;
				ASSETCATALOG_COMPILER_APPICON_NAME = AppIcon;
				ASSETCATALOG_COMPILER_GLOBAL_ACCENT_COLOR_NAME = AccentColor;
				CODE_SIGN_ENTITLEMENTS = EmergencyContacts/EmergencyContacts.entitlements;
				CODE_SIGN_IDENTITY = "Apple Development";
				CODE_SIGN_STYLE = Automatic;
				CURRENT_PROJECT_VERSION = 1;
				DEVELOPMENT_ASSET_PATHS = "\"EmergencyContacts/Preview Content\"";
				DEVELOPMENT_TEAM = 4XV9V3GJPT;
				ENABLE_HARDENED_RUNTIME = YES;
				"ENABLE_HARDENED_RUNTIME[sdk=macosx*]" = YES;
				ENABLE_PREVIEWS = YES;
				GENERATE_INFOPLIST_FILE = YES;
				INFOPLIST_FILE = EmergencyContacts/Info.plist;
				INFOPLIST_KEY_CFBundleDisplayName = "Emergency Contacts";
				INFOPLIST_KEY_LSApplicationCategoryType = "public.app-category.healthcare-fitness";
				INFOPLIST_KEY_NSLocationUsageDescription = "Your location will be used to locate the nearest emergency room.";
				INFOPLIST_KEY_NSLocationWhenInUseUsageDescription = "Your location will be used to locate the nearest emergency room.";
				"INFOPLIST_KEY_UIApplicationSceneManifest_Generation[sdk=iphoneos*]" = YES;
				"INFOPLIST_KEY_UIApplicationSceneManifest_Generation[sdk=iphonesimulator*]" = YES;
				"INFOPLIST_KEY_UIApplicationSupportsIndirectInputEvents[sdk=iphoneos*]" = YES;
				"INFOPLIST_KEY_UIApplicationSupportsIndirectInputEvents[sdk=iphonesimulator*]" = YES;
				"INFOPLIST_KEY_UILaunchScreen_Generation[sdk=iphoneos*]" = YES;
				"INFOPLIST_KEY_UILaunchScreen_Generation[sdk=iphonesimulator*]" = YES;
				INFOPLIST_KEY_UIStatusBarStyle = "";
				"INFOPLIST_KEY_UIStatusBarStyle[sdk=iphoneos*]" = UIStatusBarStyleDefault;
				"INFOPLIST_KEY_UIStatusBarStyle[sdk=iphonesimulator*]" = UIStatusBarStyleDefault;
				INFOPLIST_KEY_UISupportedInterfaceOrientations_iPad = "UIInterfaceOrientationPortrait UIInterfaceOrientationPortraitUpsideDown UIInterfaceOrientationLandscapeLeft UIInterfaceOrientationLandscapeRight";
				INFOPLIST_KEY_UISupportedInterfaceOrientations_iPhone = "UIInterfaceOrientationPortrait UIInterfaceOrientationLandscapeLeft UIInterfaceOrientationLandscapeRight";
				IPHONEOS_DEPLOYMENT_TARGET = 17.0;
				LD_RUNPATH_SEARCH_PATHS = "@executable_path/Frameworks";
				"LD_RUNPATH_SEARCH_PATHS[sdk=macosx*]" = "@executable_path/../Frameworks";
				MACOSX_DEPLOYMENT_TARGET = 14.0;
				MARKETING_VERSION = 1.0;
				PRODUCT_BUNDLE_IDENTIFIER = janchalupa.EmergencyContacts;
				PRODUCT_NAME = "$(TARGET_NAME)";
				PROVISIONING_PROFILE_SPECIFIER = "";
				SDKROOT = auto;
				SUPPORTED_PLATFORMS = "iphoneos iphonesimulator";
				SUPPORTS_MACCATALYST = NO;
				SUPPORTS_MAC_DESIGNED_FOR_IPHONE_IPAD = YES;
				SUPPORTS_XR_DESIGNED_FOR_IPHONE_IPAD = YES;
				SWIFT_EMIT_LOC_STRINGS = YES;
				SWIFT_VERSION = 5.0;
				TARGETED_DEVICE_FAMILY = "1,2";
			};
			name = Release;
		};
		2113871F2B8768F400F5422B /* Debug */ = {
			isa = XCBuildConfiguration;
			buildSettings = {
				ASSETCATALOG_COMPILER_APPICON_NAME = AppIcon;
				ASSETCATALOG_COMPILER_GLOBAL_ACCENT_COLOR_NAME = AccentColor;
				CODE_SIGN_ENTITLEMENTS = "EmergencyContactsWatch Watch App.entitlements";
				CODE_SIGN_IDENTITY = "Apple Development";
				CODE_SIGN_STYLE = Automatic;
				CURRENT_PROJECT_VERSION = 1;
				DEVELOPMENT_ASSET_PATHS = "\"EmergencyContacts Watch App/Preview Content\"";
				DEVELOPMENT_TEAM = 4XV9V3GJPT;
				ENABLE_PREVIEWS = YES;
				GENERATE_INFOPLIST_FILE = YES;
				INFOPLIST_KEY_CFBundleDisplayName = "Emergency Contacts";
				INFOPLIST_KEY_UISupportedInterfaceOrientations = "UIInterfaceOrientationPortrait UIInterfaceOrientationPortraitUpsideDown";
				INFOPLIST_KEY_WKCompanionAppBundleIdentifier = janchalupa.EmergencyContacts;
				INFOPLIST_KEY_WKRunsIndependentlyOfCompanionApp = YES;
				LD_RUNPATH_SEARCH_PATHS = (
					"$(inherited)",
					"@executable_path/Frameworks",
				);
				MARKETING_VERSION = 1.0;
				PRODUCT_BUNDLE_IDENTIFIER = janchalupa.EmergencyContacts.watchkitapp;
				PRODUCT_NAME = "$(TARGET_NAME)";
				PROVISIONING_PROFILE_SPECIFIER = "";
				SDKROOT = watchos;
				SKIP_INSTALL = YES;
				SWIFT_EMIT_LOC_STRINGS = YES;
				SWIFT_VERSION = 5.0;
				TARGETED_DEVICE_FAMILY = 4;
				WATCHOS_DEPLOYMENT_TARGET = 10.0;
			};
			name = Debug;
		};
		211387202B8768F400F5422B /* Release */ = {
			isa = XCBuildConfiguration;
			buildSettings = {
				ASSETCATALOG_COMPILER_APPICON_NAME = AppIcon;
				ASSETCATALOG_COMPILER_GLOBAL_ACCENT_COLOR_NAME = AccentColor;
				CODE_SIGN_ENTITLEMENTS = "EmergencyContactsWatch Watch App.entitlements";
				CODE_SIGN_IDENTITY = "Apple Development";
				CODE_SIGN_STYLE = Automatic;
				CURRENT_PROJECT_VERSION = 1;
				DEVELOPMENT_ASSET_PATHS = "\"EmergencyContacts Watch App/Preview Content\"";
				DEVELOPMENT_TEAM = 4XV9V3GJPT;
				ENABLE_PREVIEWS = YES;
				GENERATE_INFOPLIST_FILE = YES;
				INFOPLIST_KEY_CFBundleDisplayName = "Emergency Contacts";
				INFOPLIST_KEY_UISupportedInterfaceOrientations = "UIInterfaceOrientationPortrait UIInterfaceOrientationPortraitUpsideDown";
				INFOPLIST_KEY_WKCompanionAppBundleIdentifier = janchalupa.EmergencyContacts;
				INFOPLIST_KEY_WKRunsIndependentlyOfCompanionApp = YES;
				LD_RUNPATH_SEARCH_PATHS = (
					"$(inherited)",
					"@executable_path/Frameworks",
				);
				MARKETING_VERSION = 1.0;
				PRODUCT_BUNDLE_IDENTIFIER = janchalupa.EmergencyContacts.watchkitapp;
				PRODUCT_NAME = "$(TARGET_NAME)";
				PROVISIONING_PROFILE_SPECIFIER = "";
				SDKROOT = watchos;
				SKIP_INSTALL = YES;
				SWIFT_EMIT_LOC_STRINGS = YES;
				SWIFT_VERSION = 5.0;
				TARGETED_DEVICE_FAMILY = 4;
				VALIDATE_PRODUCT = YES;
				WATCHOS_DEPLOYMENT_TARGET = 10.0;
			};
			name = Release;
		};
/* End XCBuildConfiguration section */

/* Begin XCConfigurationList section */
		210249702B8B75A5000A37EE /* Build configuration list for PBXNativeTarget "EmergencyContactsWidgetExtension" */ = {
			isa = XCConfigurationList;
			buildConfigurations = (
				2102496E2B8B75A5000A37EE /* Debug */,
				2102496F2B8B75A5000A37EE /* Release */,
			);
			defaultConfigurationIsVisible = 0;
			defaultConfigurationName = Release;
		};
		211386F52B87689A00F5422B /* Build configuration list for PBXProject "EmergencyContacts" */ = {
			isa = XCConfigurationList;
			buildConfigurations = (
				211387072B87689B00F5422B /* Debug */,
				211387082B87689B00F5422B /* Release */,
			);
			defaultConfigurationIsVisible = 0;
			defaultConfigurationName = Release;
		};
		211387092B87689B00F5422B /* Build configuration list for PBXNativeTarget "EmergencyContacts" */ = {
			isa = XCConfigurationList;
			buildConfigurations = (
				2113870A2B87689B00F5422B /* Debug */,
				2113870B2B87689B00F5422B /* Release */,
			);
			defaultConfigurationIsVisible = 0;
			defaultConfigurationName = Release;
		};
		211387212B8768F400F5422B /* Build configuration list for PBXNativeTarget "EmergencyContactsWatch Watch App" */ = {
			isa = XCConfigurationList;
			buildConfigurations = (
				2113871F2B8768F400F5422B /* Debug */,
				211387202B8768F400F5422B /* Release */,
			);
			defaultConfigurationIsVisible = 0;
			defaultConfigurationName = Release;
		};
/* End XCConfigurationList section */
	};
	rootObject = 211386F22B87689A00F5422B /* Project object */;
}
